// !$*UTF8*$!
{
	archiveVersion = 1;
	classes = {
	};
	objectVersion = 46;
	objects = {

/* Begin PBXBuildFile section */
		154703AC742799E1286E9978 /* libPods-wawa.a in Frameworks */ = {isa = PBXBuildFile; fileRef = 42F5B37EAF63675639584096 /* libPods-wawa.a */; };
		3B480BE41FB5542D001EA2B8 /* WCountDownView.m in Sources */ = {isa = PBXBuildFile; fileRef = 3B480BE31FB5542D001EA2B8 /* WCountDownView.m */; };
		3B55216F1FB1AB6000508C58 /* WRechargeView.m in Sources */ = {isa = PBXBuildFile; fileRef = 3B55216E1FB1AB6000508C58 /* WRechargeView.m */; };
		3B5521731FB1B66400508C58 /* WPackageTableViewCell.m in Sources */ = {isa = PBXBuildFile; fileRef = 3B5521711FB1B66400508C58 /* WPackageTableViewCell.m */; };
		3B5521741FB1B66400508C58 /* WPackageTableViewCell.xib in Resources */ = {isa = PBXBuildFile; fileRef = 3B5521721FB1B66400508C58 /* WPackageTableViewCell.xib */; };
		3BA9D07A1FB342B300598D8D /* AlipaySDK.bundle in Resources */ = {isa = PBXBuildFile; fileRef = 3BA9D0251FB342B300598D8D /* AlipaySDK.bundle */; };
		3BA9D07B1FB342B300598D8D /* AlipaySDK.framework in Frameworks */ = {isa = PBXBuildFile; fileRef = 3BA9D0261FB342B300598D8D /* AlipaySDK.framework */; };
		3BA9D07C1FB342B300598D8D /* libcrypto.a in Frameworks */ = {isa = PBXBuildFile; fileRef = 3BA9D0271FB342B300598D8D /* libcrypto.a */; };
		3BA9D07D1FB342B300598D8D /* libssl.a in Frameworks */ = {isa = PBXBuildFile; fileRef = 3BA9D0281FB342B300598D8D /* libssl.a */; };
		3BA9D07E1FB342B400598D8D /* APRSASigner.m in Sources */ = {isa = PBXBuildFile; fileRef = 3BA9D0771FB342B300598D8D /* APRSASigner.m */; };
		3BA9D07F1FB342B400598D8D /* openssl_wrapper.m in Sources */ = {isa = PBXBuildFile; fileRef = 3BA9D0791FB342B300598D8D /* openssl_wrapper.m */; };
		3BC3ACA61FB1EAC900CF5368 /* WXPayMaster.m in Sources */ = {isa = PBXBuildFile; fileRef = 3BC3ACA51FB1EAC900CF5368 /* WXPayMaster.m */; };
		3BC3AD071FB1F21300CF5368 /* WilddoglistenerManager.m in Sources */ = {isa = PBXBuildFile; fileRef = 3BC3AD061FB1F21300CF5368 /* WilddoglistenerManager.m */; };
		6F236C3D1F778E7900652CD6 /* libWeChatSDK.a in Frameworks */ = {isa = PBXBuildFile; fileRef = 6F236C391F778E7900652CD6 /* libWeChatSDK.a */; };
		6F236C3F1F779A2300652CD6 /* libsqlite3.0.tbd in Frameworks */ = {isa = PBXBuildFile; fileRef = 6F236C3E1F779A2300652CD6 /* libsqlite3.0.tbd */; };
		6F236C411F779A3000652CD6 /* libc++.tbd in Frameworks */ = {isa = PBXBuildFile; fileRef = 6F236C401F779A3000652CD6 /* libc++.tbd */; };
		6F236C431F779A3F00652CD6 /* Security.framework in Frameworks */ = {isa = PBXBuildFile; fileRef = 6F236C421F779A3E00652CD6 /* Security.framework */; };
		6F236C451F779A5700652CD6 /* CFNetwork.framework in Frameworks */ = {isa = PBXBuildFile; fileRef = 6F236C441F779A5700652CD6 /* CFNetwork.framework */; };
		6F236C4B1F793D2000652CD6 /* WLoginViewController.m in Sources */ = {isa = PBXBuildFile; fileRef = 6F236C4A1F793D2000652CD6 /* WLoginViewController.m */; };
		6F236C4E1F7944B200652CD6 /* WXLoginmanager.m in Sources */ = {isa = PBXBuildFile; fileRef = 6F236C4D1F7944B200652CD6 /* WXLoginmanager.m */; };
		6F3A6F3C1F5F17A000A805FB /* main.m in Sources */ = {isa = PBXBuildFile; fileRef = 6F3A6F3B1F5F17A000A805FB /* main.m */; };
		6F3A6F3F1F5F17A000A805FB /* AppDelegate.m in Sources */ = {isa = PBXBuildFile; fileRef = 6F3A6F3E1F5F17A000A805FB /* AppDelegate.m */; };
		6F3A6F421F5F17A000A805FB /* ViewController.m in Sources */ = {isa = PBXBuildFile; fileRef = 6F3A6F411F5F17A000A805FB /* ViewController.m */; };
		6F3A6F451F5F17A000A805FB /* Main.storyboard in Resources */ = {isa = PBXBuildFile; fileRef = 6F3A6F431F5F17A000A805FB /* Main.storyboard */; };
		6F3A6F471F5F17A000A805FB /* Assets.xcassets in Resources */ = {isa = PBXBuildFile; fileRef = 6F3A6F461F5F17A000A805FB /* Assets.xcassets */; };
		6F3A6F4A1F5F17A000A805FB /* LaunchScreen.storyboard in Resources */ = {isa = PBXBuildFile; fileRef = 6F3A6F481F5F17A000A805FB /* LaunchScreen.storyboard */; };
		6F3A6F551F5F17A000A805FB /* wawaTests.m in Sources */ = {isa = PBXBuildFile; fileRef = 6F3A6F541F5F17A000A805FB /* wawaTests.m */; };
		6F3A6F681F5F18D800A805FB /* UIView+SDExtension.m in Sources */ = {isa = PBXBuildFile; fileRef = 6F3A6F611F5F18D800A805FB /* UIView+SDExtension.m */; };
		6F3A6F811F62EF5100A805FB /* TXLiteAVSDK_Smart.framework in Frameworks */ = {isa = PBXBuildFile; fileRef = 6F3A6F801F62EF5100A805FB /* TXLiteAVSDK_Smart.framework */; };
		6F3A6F831F62EF8D00A805FB /* VideoToolbox.framework in Frameworks */ = {isa = PBXBuildFile; fileRef = 6F3A6F821F62EF8D00A805FB /* VideoToolbox.framework */; };
		6F3A6F851F62EF9700A805FB /* SystemConfiguration.framework in Frameworks */ = {isa = PBXBuildFile; fileRef = 6F3A6F841F62EF9700A805FB /* SystemConfiguration.framework */; };
		6F3A6F871F62EFA700A805FB /* CoreTelephony.framework in Frameworks */ = {isa = PBXBuildFile; fileRef = 6F3A6F861F62EFA700A805FB /* CoreTelephony.framework */; };
		6F3A6F891F62EFAD00A805FB /* AVFoundation.framework in Frameworks */ = {isa = PBXBuildFile; fileRef = 6F3A6F881F62EFAD00A805FB /* AVFoundation.framework */; };
		6F3A6F8B1F62EFB600A805FB /* CoreMedia.framework in Frameworks */ = {isa = PBXBuildFile; fileRef = 6F3A6F8A1F62EFB600A805FB /* CoreMedia.framework */; };
		6F3A6F8D1F62EFBE00A805FB /* CoreGraphics.framework in Frameworks */ = {isa = PBXBuildFile; fileRef = 6F3A6F8C1F62EFBE00A805FB /* CoreGraphics.framework */; };
		6F3A6F8F1F62EFC900A805FB /* libstdc++.tbd in Frameworks */ = {isa = PBXBuildFile; fileRef = 6F3A6F8E1F62EFC900A805FB /* libstdc++.tbd */; };
		6F3A6F911F62EFD600A805FB /* libz.tbd in Frameworks */ = {isa = PBXBuildFile; fileRef = 6F3A6F901F62EFD600A805FB /* libz.tbd */; };
		6F3A6F931F62EFF500A805FB /* libiconv.tbd in Frameworks */ = {isa = PBXBuildFile; fileRef = 6F3A6F921F62EFF500A805FB /* libiconv.tbd */; };
		6F3A6F951F62F00100A805FB /* libresolv.tbd in Frameworks */ = {isa = PBXBuildFile; fileRef = 6F3A6F941F62F00100A805FB /* libresolv.tbd */; };
		6F3A6F9C1F62F64500A805FB /* WLiveRoomViewController.m in Sources */ = {isa = PBXBuildFile; fileRef = 6F3A6F9B1F62F64500A805FB /* WLiveRoomViewController.m */; };
		6F3A6F9F1F62F65A00A805FB /* WPlayerViewController.m in Sources */ = {isa = PBXBuildFile; fileRef = 6F3A6F9E1F62F65A00A805FB /* WPlayerViewController.m */; };
		6F3A6FA21F62F6E400A805FB /* WPlayerManager.m in Sources */ = {isa = PBXBuildFile; fileRef = 6F3A6FA11F62F6E400A805FB /* WPlayerManager.m */; };
		6F3A6FA91F62FE5000A805FB /* WMainViewController.m in Sources */ = {isa = PBXBuildFile; fileRef = 6F3A6FA81F62FE5000A805FB /* WMainViewController.m */; };
		6F3A6FB21F63D6CD00A805FB /* WFunctionViewController.m in Sources */ = {isa = PBXBuildFile; fileRef = 6F3A6FB11F63D6CD00A805FB /* WFunctionViewController.m */; };
		6F3A6FBC1F63D8D700A805FB /* border@2x.png in Resources */ = {isa = PBXBuildFile; fileRef = 6F3A6FB61F63D8D700A805FB /* border@2x.png */; };
		6F3A6FBD1F63D8D700A805FB /* border@3x.png in Resources */ = {isa = PBXBuildFile; fileRef = 6F3A6FB71F63D8D700A805FB /* border@3x.png */; };
		6F3A6FBE1F63D8D700A805FB /* start@2x.png in Resources */ = {isa = PBXBuildFile; fileRef = 6F3A6FB81F63D8D700A805FB /* start@2x.png */; };
		6F3A6FBF1F63D8D700A805FB /* start@3x.png in Resources */ = {isa = PBXBuildFile; fileRef = 6F3A6FB91F63D8D700A805FB /* start@3x.png */; };
		6F3A6FC21F63DF4400A805FB /* back@2x.png in Resources */ = {isa = PBXBuildFile; fileRef = 6F3A6FC01F63DF4400A805FB /* back@2x.png */; };
		6F3A6FC31F63DF4400A805FB /* back@3x.png in Resources */ = {isa = PBXBuildFile; fileRef = 6F3A6FC11F63DF4400A805FB /* back@3x.png */; };
		6F3A6FCC1F6448B700A805FB /* BaseWebViewController.m in Sources */ = {isa = PBXBuildFile; fileRef = 6F3A6FCB1F6448B700A805FB /* BaseWebViewController.m */; };
		6F3A6FCE1F64D78600A805FB /* Test.html in Resources */ = {isa = PBXBuildFile; fileRef = 6F3A6FCD1F64D78600A805FB /* Test.html */; };
		6F3A6FD71F64DA3B00A805FB /* bg@2x.png in Resources */ = {isa = PBXBuildFile; fileRef = 6F3A6FCF1F64DA3B00A805FB /* bg@2x.png */; };
		6F3A6FD81F64DA3B00A805FB /* bg@3x.png in Resources */ = {isa = PBXBuildFile; fileRef = 6F3A6FD01F64DA3B00A805FB /* bg@3x.png */; };
		6F3A6FD91F64DA3B00A805FB /* recharge@2x.png in Resources */ = {isa = PBXBuildFile; fileRef = 6F3A6FD11F64DA3B00A805FB /* recharge@2x.png */; };
		6F3A6FDA1F64DA3B00A805FB /* recharge@3x.png in Resources */ = {isa = PBXBuildFile; fileRef = 6F3A6FD21F64DA3B00A805FB /* recharge@3x.png */; };
		6F3A6FDB1F64DA3B00A805FB /* rechargeBg@2x.png in Resources */ = {isa = PBXBuildFile; fileRef = 6F3A6FD31F64DA3B00A805FB /* rechargeBg@2x.png */; };
		6F3A6FDC1F64DA3B00A805FB /* rechargeBg@3x.png in Resources */ = {isa = PBXBuildFile; fileRef = 6F3A6FD41F64DA3B00A805FB /* rechargeBg@3x.png */; };
		6F3A6FDD1F64DA3B00A805FB /* startBg@2x.png in Resources */ = {isa = PBXBuildFile; fileRef = 6F3A6FD51F64DA3B00A805FB /* startBg@2x.png */; };
		6F3A6FDE1F64DA3B00A805FB /* startBg@3x.png in Resources */ = {isa = PBXBuildFile; fileRef = 6F3A6FD61F64DA3B00A805FB /* startBg@3x.png */; };
		6F58F7E11F79583C0008347F /* BaseModel.m in Sources */ = {isa = PBXBuildFile; fileRef = 6F58F7E01F79583C0008347F /* BaseModel.m */; };
		6F58F7E41F795A440008347F /* WUser.m in Sources */ = {isa = PBXBuildFile; fileRef = 6F58F7E31F795A440008347F /* WUser.m */; };
		6F58F7E71F79F0D60008347F /* WebViewController.m in Sources */ = {isa = PBXBuildFile; fileRef = 6F58F7E61F79F0D60008347F /* WebViewController.m */; };
		6F58F8101F7AA58D0008347F /* UIKit.framework in Frameworks */ = {isa = PBXBuildFile; fileRef = 6F58F80F1F7AA58D0008347F /* UIKit.framework */; };
		6F58F8121F7AA5990008347F /* Foundation.framework in Frameworks */ = {isa = PBXBuildFile; fileRef = 6F58F8111F7AA5990008347F /* Foundation.framework */; };
		6F58F8141F7AA5AB0008347F /* CoreVideo.framework in Frameworks */ = {isa = PBXBuildFile; fileRef = 6F58F8131F7AA5AB0008347F /* CoreVideo.framework */; };
		6F58F8161F7AA5BD0008347F /* Accelerate.framework in Frameworks */ = {isa = PBXBuildFile; fileRef = 6F58F8151F7AA5BD0008347F /* Accelerate.framework */; };
		6F58F8181F7AA5E20008347F /* libprotobuf.tbd in Frameworks */ = {isa = PBXBuildFile; fileRef = 6F58F8171F7AA5E20008347F /* libprotobuf.tbd */; };
		6F58F81A1F7AA6190008347F /* libbz2.tbd in Frameworks */ = {isa = PBXBuildFile; fileRef = 6F58F8191F7AA6190008347F /* libbz2.tbd */; };
		6F58F81C1F7AA6350008347F /* libstdc++.6.tbd in Frameworks */ = {isa = PBXBuildFile; fileRef = 6F58F81B1F7AA6340008347F /* libstdc++.6.tbd */; };
		6F85D70D1F8255FD00A11DC2 /* WAccountLoginViewController.m in Sources */ = {isa = PBXBuildFile; fileRef = 6F85D70B1F8255FD00A11DC2 /* WAccountLoginViewController.m */; };
		6F85D70E1F8255FD00A11DC2 /* WAccountLoginViewController.xib in Resources */ = {isa = PBXBuildFile; fileRef = 6F85D70C1F8255FD00A11DC2 /* WAccountLoginViewController.xib */; };
		6F8D3EC91F823A9F00F1BE59 /* WProtocolViewController.m in Sources */ = {isa = PBXBuildFile; fileRef = 6F8D3EC81F823A9F00F1BE59 /* WProtocolViewController.m */; };
		6F9068801F81EC9600F8F816 /* WNaviLoginViewController.m in Sources */ = {isa = PBXBuildFile; fileRef = 6F90687F1F81EC9600F8F816 /* WNaviLoginViewController.m */; };
		6FC8CDCA1F84CD3C003ABB0D /* WilddogVideoManager.m in Sources */ = {isa = PBXBuildFile; fileRef = 6FC8CDC91F84CD3C003ABB0D /* WilddogVideoManager.m */; };
		6FF582901F6E115400A68B6A /* HLReloadDataView.m in Sources */ = {isa = PBXBuildFile; fileRef = 6FF5828F1F6E115400A68B6A /* HLReloadDataView.m */; };
		6FF582931F6E12CC00A68B6A /* UIColor+Category.m in Sources */ = {isa = PBXBuildFile; fileRef = 6FF582921F6E12CC00A68B6A /* UIColor+Category.m */; };
		6FF582961F6E132900A68B6A /* HLColorSet.m in Sources */ = {isa = PBXBuildFile; fileRef = 6FF582951F6E132900A68B6A /* HLColorSet.m */; };
		6FF5829B1F6E1A2400A68B6A /* HLNetWorkingClient.m in Sources */ = {isa = PBXBuildFile; fileRef = 6FF582981F6E1A2400A68B6A /* HLNetWorkingClient.m */; };
		6FF5829C1F6E1A2400A68B6A /* HLResponseModel.m in Sources */ = {isa = PBXBuildFile; fileRef = 6FF5829A1F6E1A2400A68B6A /* HLResponseModel.m */; };
		6FF5829F1F6E1C0600A68B6A /* WNetWorkClient.m in Sources */ = {isa = PBXBuildFile; fileRef = 6FF5829E1F6E1C0600A68B6A /* WNetWorkClient.m */; };
		6FF582A61F70040200A68B6A /* controlbg.png in Resources */ = {isa = PBXBuildFile; fileRef = 6FF582A01F70040100A68B6A /* controlbg.png */; };
		6FF582A71F70040200A68B6A /* ok.png in Resources */ = {isa = PBXBuildFile; fileRef = 6FF582A11F70040100A68B6A /* ok.png */; };
		6FF582A81F70040200A68B6A /* zhua_down.png in Resources */ = {isa = PBXBuildFile; fileRef = 6FF582A21F70040100A68B6A /* zhua_down.png */; };
		6FF582A91F70040200A68B6A /* zhua_left.png in Resources */ = {isa = PBXBuildFile; fileRef = 6FF582A31F70040200A68B6A /* zhua_left.png */; };
		6FF582AA1F70040200A68B6A /* zhua_right.png in Resources */ = {isa = PBXBuildFile; fileRef = 6FF582A41F70040200A68B6A /* zhua_right.png */; };
		6FF582AB1F70040200A68B6A /* zhua_up.png in Resources */ = {isa = PBXBuildFile; fileRef = 6FF582A51F70040200A68B6A /* zhua_up.png */; };
		6FF582AE1F700D3D00A68B6A /* WPlayView.m in Sources */ = {isa = PBXBuildFile; fileRef = 6FF582AD1F700D3D00A68B6A /* WPlayView.m */; };
		6FF582B01F700D4E00A68B6A /* WplayVIew.xib in Resources */ = {isa = PBXBuildFile; fileRef = 6FF582AF1F700D4E00A68B6A /* WplayVIew.xib */; };
/* End PBXBuildFile section */

/* Begin PBXContainerItemProxy section */
		6F3A6F511F5F17A000A805FB /* PBXContainerItemProxy */ = {
			isa = PBXContainerItemProxy;
			containerPortal = 6F3A6F2F1F5F17A000A805FB /* Project object */;
			proxyType = 1;
			remoteGlobalIDString = 6F3A6F361F5F17A000A805FB;
			remoteInfo = wawa;
		};
/* End PBXContainerItemProxy section */

/* Begin PBXFileReference section */
		3B480BE21FB5542D001EA2B8 /* WCountDownView.h */ = {isa = PBXFileReference; lastKnownFileType = sourcecode.c.h; path = WCountDownView.h; sourceTree = "<group>"; };
		3B480BE31FB5542D001EA2B8 /* WCountDownView.m */ = {isa = PBXFileReference; lastKnownFileType = sourcecode.c.objc; path = WCountDownView.m; sourceTree = "<group>"; };
		3B55216D1FB1AB6000508C58 /* WRechargeView.h */ = {isa = PBXFileReference; lastKnownFileType = sourcecode.c.h; path = WRechargeView.h; sourceTree = "<group>"; };
		3B55216E1FB1AB6000508C58 /* WRechargeView.m */ = {isa = PBXFileReference; lastKnownFileType = sourcecode.c.objc; path = WRechargeView.m; sourceTree = "<group>"; };
		3B5521701FB1B66400508C58 /* WPackageTableViewCell.h */ = {isa = PBXFileReference; lastKnownFileType = sourcecode.c.h; path = WPackageTableViewCell.h; sourceTree = "<group>"; };
		3B5521711FB1B66400508C58 /* WPackageTableViewCell.m */ = {isa = PBXFileReference; lastKnownFileType = sourcecode.c.objc; path = WPackageTableViewCell.m; sourceTree = "<group>"; };
		3B5521721FB1B66400508C58 /* WPackageTableViewCell.xib */ = {isa = PBXFileReference; lastKnownFileType = file.xib; path = WPackageTableViewCell.xib; sourceTree = "<group>"; };
		3BA9D0251FB342B300598D8D /* AlipaySDK.bundle */ = {isa = PBXFileReference; lastKnownFileType = "wrapper.plug-in"; path = AlipaySDK.bundle; sourceTree = "<group>"; };
		3BA9D0261FB342B300598D8D /* AlipaySDK.framework */ = {isa = PBXFileReference; lastKnownFileType = wrapper.framework; path = AlipaySDK.framework; sourceTree = "<group>"; };
		3BA9D0271FB342B300598D8D /* libcrypto.a */ = {isa = PBXFileReference; lastKnownFileType = archive.ar; path = libcrypto.a; sourceTree = "<group>"; };
		3BA9D0281FB342B300598D8D /* libssl.a */ = {isa = PBXFileReference; lastKnownFileType = archive.ar; path = libssl.a; sourceTree = "<group>"; };
		3BA9D02A1FB342B300598D8D /* aes.h */ = {isa = PBXFileReference; fileEncoding = 4; lastKnownFileType = sourcecode.c.h; path = aes.h; sourceTree = "<group>"; };
		3BA9D02B1FB342B300598D8D /* asn1.h */ = {isa = PBXFileReference; fileEncoding = 4; lastKnownFileType = sourcecode.c.h; path = asn1.h; sourceTree = "<group>"; };
		3BA9D02C1FB342B300598D8D /* asn1_mac.h */ = {isa = PBXFileReference; fileEncoding = 4; lastKnownFileType = sourcecode.c.h; path = asn1_mac.h; sourceTree = "<group>"; };
		3BA9D02D1FB342B300598D8D /* asn1t.h */ = {isa = PBXFileReference; fileEncoding = 4; lastKnownFileType = sourcecode.c.h; path = asn1t.h; sourceTree = "<group>"; };
		3BA9D02E1FB342B300598D8D /* bio.h */ = {isa = PBXFileReference; fileEncoding = 4; lastKnownFileType = sourcecode.c.h; path = bio.h; sourceTree = "<group>"; };
		3BA9D02F1FB342B300598D8D /* blowfish.h */ = {isa = PBXFileReference; fileEncoding = 4; lastKnownFileType = sourcecode.c.h; path = blowfish.h; sourceTree = "<group>"; };
		3BA9D0301FB342B300598D8D /* bn.h */ = {isa = PBXFileReference; fileEncoding = 4; lastKnownFileType = sourcecode.c.h; path = bn.h; sourceTree = "<group>"; };
		3BA9D0311FB342B300598D8D /* buffer.h */ = {isa = PBXFileReference; fileEncoding = 4; lastKnownFileType = sourcecode.c.h; path = buffer.h; sourceTree = "<group>"; };
		3BA9D0321FB342B300598D8D /* camellia.h */ = {isa = PBXFileReference; fileEncoding = 4; lastKnownFileType = sourcecode.c.h; path = camellia.h; sourceTree = "<group>"; };
		3BA9D0331FB342B300598D8D /* cast.h */ = {isa = PBXFileReference; fileEncoding = 4; lastKnownFileType = sourcecode.c.h; path = cast.h; sourceTree = "<group>"; };
		3BA9D0341FB342B300598D8D /* cmac.h */ = {isa = PBXFileReference; fileEncoding = 4; lastKnownFileType = sourcecode.c.h; path = cmac.h; sourceTree = "<group>"; };
		3BA9D0351FB342B300598D8D /* cms.h */ = {isa = PBXFileReference; fileEncoding = 4; lastKnownFileType = sourcecode.c.h; path = cms.h; sourceTree = "<group>"; };
		3BA9D0361FB342B300598D8D /* comp.h */ = {isa = PBXFileReference; fileEncoding = 4; lastKnownFileType = sourcecode.c.h; path = comp.h; sourceTree = "<group>"; };
		3BA9D0371FB342B300598D8D /* conf.h */ = {isa = PBXFileReference; fileEncoding = 4; lastKnownFileType = sourcecode.c.h; path = conf.h; sourceTree = "<group>"; };
		3BA9D0381FB342B300598D8D /* conf_api.h */ = {isa = PBXFileReference; fileEncoding = 4; lastKnownFileType = sourcecode.c.h; path = conf_api.h; sourceTree = "<group>"; };
		3BA9D0391FB342B300598D8D /* crypto.h */ = {isa = PBXFileReference; fileEncoding = 4; lastKnownFileType = sourcecode.c.h; path = crypto.h; sourceTree = "<group>"; };
		3BA9D03A1FB342B300598D8D /* des.h */ = {isa = PBXFileReference; fileEncoding = 4; lastKnownFileType = sourcecode.c.h; path = des.h; sourceTree = "<group>"; };
		3BA9D03B1FB342B300598D8D /* des_old.h */ = {isa = PBXFileReference; fileEncoding = 4; lastKnownFileType = sourcecode.c.h; path = des_old.h; sourceTree = "<group>"; };
		3BA9D03C1FB342B300598D8D /* dh.h */ = {isa = PBXFileReference; fileEncoding = 4; lastKnownFileType = sourcecode.c.h; path = dh.h; sourceTree = "<group>"; };
		3BA9D03D1FB342B300598D8D /* dsa.h */ = {isa = PBXFileReference; fileEncoding = 4; lastKnownFileType = sourcecode.c.h; path = dsa.h; sourceTree = "<group>"; };
		3BA9D03E1FB342B300598D8D /* dso.h */ = {isa = PBXFileReference; fileEncoding = 4; lastKnownFileType = sourcecode.c.h; path = dso.h; sourceTree = "<group>"; };
		3BA9D03F1FB342B300598D8D /* dtls1.h */ = {isa = PBXFileReference; fileEncoding = 4; lastKnownFileType = sourcecode.c.h; path = dtls1.h; sourceTree = "<group>"; };
		3BA9D0401FB342B300598D8D /* e_os2.h */ = {isa = PBXFileReference; fileEncoding = 4; lastKnownFileType = sourcecode.c.h; path = e_os2.h; sourceTree = "<group>"; };
		3BA9D0411FB342B300598D8D /* ebcdic.h */ = {isa = PBXFileReference; fileEncoding = 4; lastKnownFileType = sourcecode.c.h; path = ebcdic.h; sourceTree = "<group>"; };
		3BA9D0421FB342B300598D8D /* ec.h */ = {isa = PBXFileReference; fileEncoding = 4; lastKnownFileType = sourcecode.c.h; path = ec.h; sourceTree = "<group>"; };
		3BA9D0431FB342B300598D8D /* ecdh.h */ = {isa = PBXFileReference; fileEncoding = 4; lastKnownFileType = sourcecode.c.h; path = ecdh.h; sourceTree = "<group>"; };
		3BA9D0441FB342B300598D8D /* ecdsa.h */ = {isa = PBXFileReference; fileEncoding = 4; lastKnownFileType = sourcecode.c.h; path = ecdsa.h; sourceTree = "<group>"; };
		3BA9D0451FB342B300598D8D /* engine.h */ = {isa = PBXFileReference; fileEncoding = 4; lastKnownFileType = sourcecode.c.h; path = engine.h; sourceTree = "<group>"; };
		3BA9D0461FB342B300598D8D /* err.h */ = {isa = PBXFileReference; fileEncoding = 4; lastKnownFileType = sourcecode.c.h; path = err.h; sourceTree = "<group>"; };
		3BA9D0471FB342B300598D8D /* evp.h */ = {isa = PBXFileReference; fileEncoding = 4; lastKnownFileType = sourcecode.c.h; path = evp.h; sourceTree = "<group>"; };
		3BA9D0481FB342B300598D8D /* hmac.h */ = {isa = PBXFileReference; fileEncoding = 4; lastKnownFileType = sourcecode.c.h; path = hmac.h; sourceTree = "<group>"; };
		3BA9D0491FB342B300598D8D /* idea.h */ = {isa = PBXFileReference; fileEncoding = 4; lastKnownFileType = sourcecode.c.h; path = idea.h; sourceTree = "<group>"; };
		3BA9D04A1FB342B300598D8D /* krb5_asn.h */ = {isa = PBXFileReference; fileEncoding = 4; lastKnownFileType = sourcecode.c.h; path = krb5_asn.h; sourceTree = "<group>"; };
		3BA9D04B1FB342B300598D8D /* kssl.h */ = {isa = PBXFileReference; fileEncoding = 4; lastKnownFileType = sourcecode.c.h; path = kssl.h; sourceTree = "<group>"; };
		3BA9D04C1FB342B300598D8D /* lhash.h */ = {isa = PBXFileReference; fileEncoding = 4; lastKnownFileType = sourcecode.c.h; path = lhash.h; sourceTree = "<group>"; };
		3BA9D04D1FB342B300598D8D /* md4.h */ = {isa = PBXFileReference; fileEncoding = 4; lastKnownFileType = sourcecode.c.h; path = md4.h; sourceTree = "<group>"; };
		3BA9D04E1FB342B300598D8D /* md5.h */ = {isa = PBXFileReference; fileEncoding = 4; lastKnownFileType = sourcecode.c.h; path = md5.h; sourceTree = "<group>"; };
		3BA9D04F1FB342B300598D8D /* mdc2.h */ = {isa = PBXFileReference; fileEncoding = 4; lastKnownFileType = sourcecode.c.h; path = mdc2.h; sourceTree = "<group>"; };
		3BA9D0501FB342B300598D8D /* modes.h */ = {isa = PBXFileReference; fileEncoding = 4; lastKnownFileType = sourcecode.c.h; path = modes.h; sourceTree = "<group>"; };
		3BA9D0511FB342B300598D8D /* obj_mac.h */ = {isa = PBXFileReference; fileEncoding = 4; lastKnownFileType = sourcecode.c.h; path = obj_mac.h; sourceTree = "<group>"; };
		3BA9D0521FB342B300598D8D /* objects.h */ = {isa = PBXFileReference; fileEncoding = 4; lastKnownFileType = sourcecode.c.h; path = objects.h; sourceTree = "<group>"; };
		3BA9D0531FB342B300598D8D /* ocsp.h */ = {isa = PBXFileReference; fileEncoding = 4; lastKnownFileType = sourcecode.c.h; path = ocsp.h; sourceTree = "<group>"; };
		3BA9D0541FB342B300598D8D /* opensslconf.h */ = {isa = PBXFileReference; fileEncoding = 4; lastKnownFileType = sourcecode.c.h; path = opensslconf.h; sourceTree = "<group>"; };
		3BA9D0551FB342B300598D8D /* opensslv.h */ = {isa = PBXFileReference; fileEncoding = 4; lastKnownFileType = sourcecode.c.h; path = opensslv.h; sourceTree = "<group>"; };
		3BA9D0561FB342B300598D8D /* ossl_typ.h */ = {isa = PBXFileReference; fileEncoding = 4; lastKnownFileType = sourcecode.c.h; path = ossl_typ.h; sourceTree = "<group>"; };
		3BA9D0571FB342B300598D8D /* pem.h */ = {isa = PBXFileReference; fileEncoding = 4; lastKnownFileType = sourcecode.c.h; path = pem.h; sourceTree = "<group>"; };
		3BA9D0581FB342B300598D8D /* pem2.h */ = {isa = PBXFileReference; fileEncoding = 4; lastKnownFileType = sourcecode.c.h; path = pem2.h; sourceTree = "<group>"; };
		3BA9D0591FB342B300598D8D /* pkcs12.h */ = {isa = PBXFileReference; fileEncoding = 4; lastKnownFileType = sourcecode.c.h; path = pkcs12.h; sourceTree = "<group>"; };
		3BA9D05A1FB342B300598D8D /* pkcs7.h */ = {isa = PBXFileReference; fileEncoding = 4; lastKnownFileType = sourcecode.c.h; path = pkcs7.h; sourceTree = "<group>"; };
		3BA9D05B1FB342B300598D8D /* pqueue.h */ = {isa = PBXFileReference; fileEncoding = 4; lastKnownFileType = sourcecode.c.h; path = pqueue.h; sourceTree = "<group>"; };
		3BA9D05C1FB342B300598D8D /* rand.h */ = {isa = PBXFileReference; fileEncoding = 4; lastKnownFileType = sourcecode.c.h; path = rand.h; sourceTree = "<group>"; };
		3BA9D05D1FB342B300598D8D /* rc2.h */ = {isa = PBXFileReference; fileEncoding = 4; lastKnownFileType = sourcecode.c.h; path = rc2.h; sourceTree = "<group>"; };
		3BA9D05E1FB342B300598D8D /* rc4.h */ = {isa = PBXFileReference; fileEncoding = 4; lastKnownFileType = sourcecode.c.h; path = rc4.h; sourceTree = "<group>"; };
		3BA9D05F1FB342B300598D8D /* ripemd.h */ = {isa = PBXFileReference; fileEncoding = 4; lastKnownFileType = sourcecode.c.h; path = ripemd.h; sourceTree = "<group>"; };
		3BA9D0601FB342B300598D8D /* rsa.h */ = {isa = PBXFileReference; fileEncoding = 4; lastKnownFileType = sourcecode.c.h; path = rsa.h; sourceTree = "<group>"; };
		3BA9D0611FB342B300598D8D /* safestack.h */ = {isa = PBXFileReference; fileEncoding = 4; lastKnownFileType = sourcecode.c.h; path = safestack.h; sourceTree = "<group>"; };
		3BA9D0621FB342B300598D8D /* seed.h */ = {isa = PBXFileReference; fileEncoding = 4; lastKnownFileType = sourcecode.c.h; path = seed.h; sourceTree = "<group>"; };
		3BA9D0631FB342B300598D8D /* sha.h */ = {isa = PBXFileReference; fileEncoding = 4; lastKnownFileType = sourcecode.c.h; path = sha.h; sourceTree = "<group>"; };
		3BA9D0641FB342B300598D8D /* srp.h */ = {isa = PBXFileReference; fileEncoding = 4; lastKnownFileType = sourcecode.c.h; path = srp.h; sourceTree = "<group>"; };
		3BA9D0651FB342B300598D8D /* srtp.h */ = {isa = PBXFileReference; fileEncoding = 4; lastKnownFileType = sourcecode.c.h; path = srtp.h; sourceTree = "<group>"; };
		3BA9D0661FB342B300598D8D /* ssl.h */ = {isa = PBXFileReference; fileEncoding = 4; lastKnownFileType = sourcecode.c.h; path = ssl.h; sourceTree = "<group>"; };
		3BA9D0671FB342B300598D8D /* ssl2.h */ = {isa = PBXFileReference; fileEncoding = 4; lastKnownFileType = sourcecode.c.h; path = ssl2.h; sourceTree = "<group>"; };
		3BA9D0681FB342B300598D8D /* ssl23.h */ = {isa = PBXFileReference; fileEncoding = 4; lastKnownFileType = sourcecode.c.h; path = ssl23.h; sourceTree = "<group>"; };
		3BA9D0691FB342B300598D8D /* ssl3.h */ = {isa = PBXFileReference; fileEncoding = 4; lastKnownFileType = sourcecode.c.h; path = ssl3.h; sourceTree = "<group>"; };
		3BA9D06A1FB342B300598D8D /* stack.h */ = {isa = PBXFileReference; fileEncoding = 4; lastKnownFileType = sourcecode.c.h; path = stack.h; sourceTree = "<group>"; };
		3BA9D06B1FB342B300598D8D /* symhacks.h */ = {isa = PBXFileReference; fileEncoding = 4; lastKnownFileType = sourcecode.c.h; path = symhacks.h; sourceTree = "<group>"; };
		3BA9D06C1FB342B300598D8D /* tls1.h */ = {isa = PBXFileReference; fileEncoding = 4; lastKnownFileType = sourcecode.c.h; path = tls1.h; sourceTree = "<group>"; };
		3BA9D06D1FB342B300598D8D /* ts.h */ = {isa = PBXFileReference; fileEncoding = 4; lastKnownFileType = sourcecode.c.h; path = ts.h; sourceTree = "<group>"; };
		3BA9D06E1FB342B300598D8D /* txt_db.h */ = {isa = PBXFileReference; fileEncoding = 4; lastKnownFileType = sourcecode.c.h; path = txt_db.h; sourceTree = "<group>"; };
		3BA9D06F1FB342B300598D8D /* ui.h */ = {isa = PBXFileReference; fileEncoding = 4; lastKnownFileType = sourcecode.c.h; path = ui.h; sourceTree = "<group>"; };
		3BA9D0701FB342B300598D8D /* ui_compat.h */ = {isa = PBXFileReference; fileEncoding = 4; lastKnownFileType = sourcecode.c.h; path = ui_compat.h; sourceTree = "<group>"; };
		3BA9D0711FB342B300598D8D /* whrlpool.h */ = {isa = PBXFileReference; fileEncoding = 4; lastKnownFileType = sourcecode.c.h; path = whrlpool.h; sourceTree = "<group>"; };
		3BA9D0721FB342B300598D8D /* x509.h */ = {isa = PBXFileReference; fileEncoding = 4; lastKnownFileType = sourcecode.c.h; path = x509.h; sourceTree = "<group>"; };
		3BA9D0731FB342B300598D8D /* x509_vfy.h */ = {isa = PBXFileReference; fileEncoding = 4; lastKnownFileType = sourcecode.c.h; path = x509_vfy.h; sourceTree = "<group>"; };
		3BA9D0741FB342B300598D8D /* x509v3.h */ = {isa = PBXFileReference; fileEncoding = 4; lastKnownFileType = sourcecode.c.h; path = x509v3.h; sourceTree = "<group>"; };
		3BA9D0761FB342B300598D8D /* APRSASigner.h */ = {isa = PBXFileReference; fileEncoding = 4; lastKnownFileType = sourcecode.c.h; path = APRSASigner.h; sourceTree = "<group>"; };
		3BA9D0771FB342B300598D8D /* APRSASigner.m */ = {isa = PBXFileReference; fileEncoding = 4; lastKnownFileType = sourcecode.c.objc; path = APRSASigner.m; sourceTree = "<group>"; };
		3BA9D0781FB342B300598D8D /* openssl_wrapper.h */ = {isa = PBXFileReference; fileEncoding = 4; lastKnownFileType = sourcecode.c.h; path = openssl_wrapper.h; sourceTree = "<group>"; };
		3BA9D0791FB342B300598D8D /* openssl_wrapper.m */ = {isa = PBXFileReference; fileEncoding = 4; lastKnownFileType = sourcecode.c.objc; path = openssl_wrapper.m; sourceTree = "<group>"; };
		3BC3ACA41FB1EAC900CF5368 /* WXPayMaster.h */ = {isa = PBXFileReference; lastKnownFileType = sourcecode.c.h; path = WXPayMaster.h; sourceTree = "<group>"; };
		3BC3ACA51FB1EAC900CF5368 /* WXPayMaster.m */ = {isa = PBXFileReference; lastKnownFileType = sourcecode.c.objc; path = WXPayMaster.m; sourceTree = "<group>"; };
		3BC3AD041FB1EFBC00CF5368 /* wawa copy-Info.plist */ = {isa = PBXFileReference; lastKnownFileType = text.plist.xml; name = "wawa copy-Info.plist"; path = "/Users/Colin/Desktop/wawa/wawa/wawa copy-Info.plist"; sourceTree = "<absolute>"; };
		3BC3AD051FB1F21300CF5368 /* WilddoglistenerManager.h */ = {isa = PBXFileReference; lastKnownFileType = sourcecode.c.h; path = WilddoglistenerManager.h; sourceTree = "<group>"; };
		3BC3AD061FB1F21300CF5368 /* WilddoglistenerManager.m */ = {isa = PBXFileReference; lastKnownFileType = sourcecode.c.objc; path = WilddoglistenerManager.m; sourceTree = "<group>"; };
		42F5B37EAF63675639584096 /* libPods-wawa.a */ = {isa = PBXFileReference; explicitFileType = archive.ar; includeInIndex = 0; path = "libPods-wawa.a"; sourceTree = BUILT_PRODUCTS_DIR; };
		54B0F750E7C41712D468CFD8 /* Pods-wawa.release.xcconfig */ = {isa = PBXFileReference; includeInIndex = 1; lastKnownFileType = text.xcconfig; name = "Pods-wawa.release.xcconfig"; path = "Pods/Target Support Files/Pods-wawa/Pods-wawa.release.xcconfig"; sourceTree = "<group>"; };
		6F236C391F778E7900652CD6 /* libWeChatSDK.a */ = {isa = PBXFileReference; lastKnownFileType = archive.ar; path = libWeChatSDK.a; sourceTree = "<group>"; };
		6F236C3A1F778E7900652CD6 /* WechatAuthSDK.h */ = {isa = PBXFileReference; fileEncoding = 4; lastKnownFileType = sourcecode.c.h; path = WechatAuthSDK.h; sourceTree = "<group>"; };
		6F236C3B1F778E7900652CD6 /* WXApi.h */ = {isa = PBXFileReference; fileEncoding = 4; lastKnownFileType = sourcecode.c.h; path = WXApi.h; sourceTree = "<group>"; };
		6F236C3C1F778E7900652CD6 /* WXApiObject.h */ = {isa = PBXFileReference; fileEncoding = 4; lastKnownFileType = sourcecode.c.h; path = WXApiObject.h; sourceTree = "<group>"; };
		6F236C3E1F779A2300652CD6 /* libsqlite3.0.tbd */ = {isa = PBXFileReference; lastKnownFileType = "sourcecode.text-based-dylib-definition"; name = libsqlite3.0.tbd; path = usr/lib/libsqlite3.0.tbd; sourceTree = SDKROOT; };
		6F236C401F779A3000652CD6 /* libc++.tbd */ = {isa = PBXFileReference; lastKnownFileType = "sourcecode.text-based-dylib-definition"; name = "libc++.tbd"; path = "usr/lib/libc++.tbd"; sourceTree = SDKROOT; };
		6F236C421F779A3E00652CD6 /* Security.framework */ = {isa = PBXFileReference; lastKnownFileType = wrapper.framework; name = Security.framework; path = System/Library/Frameworks/Security.framework; sourceTree = SDKROOT; };
		6F236C441F779A5700652CD6 /* CFNetwork.framework */ = {isa = PBXFileReference; lastKnownFileType = wrapper.framework; name = CFNetwork.framework; path = System/Library/Frameworks/CFNetwork.framework; sourceTree = SDKROOT; };
		6F236C491F793D2000652CD6 /* WLoginViewController.h */ = {isa = PBXFileReference; lastKnownFileType = sourcecode.c.h; path = WLoginViewController.h; sourceTree = "<group>"; };
		6F236C4A1F793D2000652CD6 /* WLoginViewController.m */ = {isa = PBXFileReference; lastKnownFileType = sourcecode.c.objc; path = WLoginViewController.m; sourceTree = "<group>"; };
		6F236C4C1F7944B200652CD6 /* WXLoginmanager.h */ = {isa = PBXFileReference; lastKnownFileType = sourcecode.c.h; path = WXLoginmanager.h; sourceTree = "<group>"; };
		6F236C4D1F7944B200652CD6 /* WXLoginmanager.m */ = {isa = PBXFileReference; lastKnownFileType = sourcecode.c.objc; path = WXLoginmanager.m; sourceTree = "<group>"; };
		6F3A6F371F5F17A000A805FB /* wawa.app */ = {isa = PBXFileReference; explicitFileType = wrapper.application; includeInIndex = 0; path = wawa.app; sourceTree = BUILT_PRODUCTS_DIR; };
		6F3A6F3B1F5F17A000A805FB /* main.m */ = {isa = PBXFileReference; lastKnownFileType = sourcecode.c.objc; path = main.m; sourceTree = "<group>"; };
		6F3A6F3D1F5F17A000A805FB /* AppDelegate.h */ = {isa = PBXFileReference; lastKnownFileType = sourcecode.c.h; path = AppDelegate.h; sourceTree = "<group>"; };
		6F3A6F3E1F5F17A000A805FB /* AppDelegate.m */ = {isa = PBXFileReference; lastKnownFileType = sourcecode.c.objc; path = AppDelegate.m; sourceTree = "<group>"; };
		6F3A6F401F5F17A000A805FB /* ViewController.h */ = {isa = PBXFileReference; lastKnownFileType = sourcecode.c.h; path = ViewController.h; sourceTree = "<group>"; };
		6F3A6F411F5F17A000A805FB /* ViewController.m */ = {isa = PBXFileReference; lastKnownFileType = sourcecode.c.objc; path = ViewController.m; sourceTree = "<group>"; };
		6F3A6F441F5F17A000A805FB /* Base */ = {isa = PBXFileReference; lastKnownFileType = file.storyboard; name = Base; path = Base.lproj/Main.storyboard; sourceTree = "<group>"; };
		6F3A6F461F5F17A000A805FB /* Assets.xcassets */ = {isa = PBXFileReference; lastKnownFileType = folder.assetcatalog; path = Assets.xcassets; sourceTree = "<group>"; };
		6F3A6F491F5F17A000A805FB /* Base */ = {isa = PBXFileReference; lastKnownFileType = file.storyboard; name = Base; path = Base.lproj/LaunchScreen.storyboard; sourceTree = "<group>"; };
		6F3A6F4B1F5F17A000A805FB /* Info.plist */ = {isa = PBXFileReference; lastKnownFileType = text.plist.xml; path = Info.plist; sourceTree = "<group>"; };
		6F3A6F501F5F17A000A805FB /* wawaTests.xctest */ = {isa = PBXFileReference; explicitFileType = wrapper.cfbundle; includeInIndex = 0; path = wawaTests.xctest; sourceTree = BUILT_PRODUCTS_DIR; };
		6F3A6F541F5F17A000A805FB /* wawaTests.m */ = {isa = PBXFileReference; lastKnownFileType = sourcecode.c.objc; path = wawaTests.m; sourceTree = "<group>"; };
		6F3A6F561F5F17A000A805FB /* Info.plist */ = {isa = PBXFileReference; lastKnownFileType = text.plist.xml; path = Info.plist; sourceTree = "<group>"; };
		6F3A6F601F5F18D800A805FB /* UIView+SDExtension.h */ = {isa = PBXFileReference; fileEncoding = 4; lastKnownFileType = sourcecode.c.h; path = "UIView+SDExtension.h"; sourceTree = "<group>"; };
		6F3A6F611F5F18D800A805FB /* UIView+SDExtension.m */ = {isa = PBXFileReference; fileEncoding = 4; lastKnownFileType = sourcecode.c.objc; path = "UIView+SDExtension.m"; sourceTree = "<group>"; };
		6F3A6F801F62EF5100A805FB /* TXLiteAVSDK_Smart.framework */ = {isa = PBXFileReference; lastKnownFileType = wrapper.framework; path = TXLiteAVSDK_Smart.framework; sourceTree = "<group>"; };
		6F3A6F821F62EF8D00A805FB /* VideoToolbox.framework */ = {isa = PBXFileReference; lastKnownFileType = wrapper.framework; name = VideoToolbox.framework; path = System/Library/Frameworks/VideoToolbox.framework; sourceTree = SDKROOT; };
		6F3A6F841F62EF9700A805FB /* SystemConfiguration.framework */ = {isa = PBXFileReference; lastKnownFileType = wrapper.framework; name = SystemConfiguration.framework; path = System/Library/Frameworks/SystemConfiguration.framework; sourceTree = SDKROOT; };
		6F3A6F861F62EFA700A805FB /* CoreTelephony.framework */ = {isa = PBXFileReference; lastKnownFileType = wrapper.framework; name = CoreTelephony.framework; path = System/Library/Frameworks/CoreTelephony.framework; sourceTree = SDKROOT; };
		6F3A6F881F62EFAD00A805FB /* AVFoundation.framework */ = {isa = PBXFileReference; lastKnownFileType = wrapper.framework; name = AVFoundation.framework; path = System/Library/Frameworks/AVFoundation.framework; sourceTree = SDKROOT; };
		6F3A6F8A1F62EFB600A805FB /* CoreMedia.framework */ = {isa = PBXFileReference; lastKnownFileType = wrapper.framework; name = CoreMedia.framework; path = System/Library/Frameworks/CoreMedia.framework; sourceTree = SDKROOT; };
		6F3A6F8C1F62EFBE00A805FB /* CoreGraphics.framework */ = {isa = PBXFileReference; lastKnownFileType = wrapper.framework; name = CoreGraphics.framework; path = System/Library/Frameworks/CoreGraphics.framework; sourceTree = SDKROOT; };
		6F3A6F8E1F62EFC900A805FB /* libstdc++.tbd */ = {isa = PBXFileReference; lastKnownFileType = "sourcecode.text-based-dylib-definition"; name = "libstdc++.tbd"; path = "usr/lib/libstdc++.tbd"; sourceTree = SDKROOT; };
		6F3A6F901F62EFD600A805FB /* libz.tbd */ = {isa = PBXFileReference; lastKnownFileType = "sourcecode.text-based-dylib-definition"; name = libz.tbd; path = usr/lib/libz.tbd; sourceTree = SDKROOT; };
		6F3A6F921F62EFF500A805FB /* libiconv.tbd */ = {isa = PBXFileReference; lastKnownFileType = "sourcecode.text-based-dylib-definition"; name = libiconv.tbd; path = usr/lib/libiconv.tbd; sourceTree = SDKROOT; };
		6F3A6F941F62F00100A805FB /* libresolv.tbd */ = {isa = PBXFileReference; lastKnownFileType = "sourcecode.text-based-dylib-definition"; name = libresolv.tbd; path = usr/lib/libresolv.tbd; sourceTree = SDKROOT; };
		6F3A6F9A1F62F64500A805FB /* WLiveRoomViewController.h */ = {isa = PBXFileReference; fileEncoding = 4; lastKnownFileType = sourcecode.c.h; path = WLiveRoomViewController.h; sourceTree = "<group>"; };
		6F3A6F9B1F62F64500A805FB /* WLiveRoomViewController.m */ = {isa = PBXFileReference; fileEncoding = 4; lastKnownFileType = sourcecode.c.objc; path = WLiveRoomViewController.m; sourceTree = "<group>"; };
		6F3A6F9D1F62F65A00A805FB /* WPlayerViewController.h */ = {isa = PBXFileReference; fileEncoding = 4; lastKnownFileType = sourcecode.c.h; path = WPlayerViewController.h; sourceTree = "<group>"; };
		6F3A6F9E1F62F65A00A805FB /* WPlayerViewController.m */ = {isa = PBXFileReference; fileEncoding = 4; lastKnownFileType = sourcecode.c.objc; path = WPlayerViewController.m; sourceTree = "<group>"; };
		6F3A6FA01F62F6E400A805FB /* WPlayerManager.h */ = {isa = PBXFileReference; fileEncoding = 4; lastKnownFileType = sourcecode.c.h; path = WPlayerManager.h; sourceTree = "<group>"; };
		6F3A6FA11F62F6E400A805FB /* WPlayerManager.m */ = {isa = PBXFileReference; fileEncoding = 4; lastKnownFileType = sourcecode.c.objc; path = WPlayerManager.m; sourceTree = "<group>"; };
		6F3A6FA31F62F9DF00A805FB /* Header.h */ = {isa = PBXFileReference; lastKnownFileType = sourcecode.c.h; path = Header.h; sourceTree = "<group>"; };
		6F3A6FA41F62FA8000A805FB /* PrefixHeader.pch */ = {isa = PBXFileReference; fileEncoding = 4; lastKnownFileType = sourcecode.c.h; path = PrefixHeader.pch; sourceTree = "<group>"; };
		6F3A6FA71F62FE5000A805FB /* WMainViewController.h */ = {isa = PBXFileReference; fileEncoding = 4; lastKnownFileType = sourcecode.c.h; path = WMainViewController.h; sourceTree = "<group>"; };
		6F3A6FA81F62FE5000A805FB /* WMainViewController.m */ = {isa = PBXFileReference; fileEncoding = 4; lastKnownFileType = sourcecode.c.objc; path = WMainViewController.m; sourceTree = "<group>"; };
		6F3A6FB01F63D6CD00A805FB /* WFunctionViewController.h */ = {isa = PBXFileReference; fileEncoding = 4; lastKnownFileType = sourcecode.c.h; path = WFunctionViewController.h; sourceTree = "<group>"; };
		6F3A6FB11F63D6CD00A805FB /* WFunctionViewController.m */ = {isa = PBXFileReference; fileEncoding = 4; lastKnownFileType = sourcecode.c.objc; path = WFunctionViewController.m; sourceTree = "<group>"; };
		6F3A6FB61F63D8D700A805FB /* border@2x.png */ = {isa = PBXFileReference; lastKnownFileType = image.png; path = "border@2x.png"; sourceTree = "<group>"; };
		6F3A6FB71F63D8D700A805FB /* border@3x.png */ = {isa = PBXFileReference; lastKnownFileType = image.png; path = "border@3x.png"; sourceTree = "<group>"; };
		6F3A6FB81F63D8D700A805FB /* start@2x.png */ = {isa = PBXFileReference; lastKnownFileType = image.png; path = "start@2x.png"; sourceTree = "<group>"; };
		6F3A6FB91F63D8D700A805FB /* start@3x.png */ = {isa = PBXFileReference; lastKnownFileType = image.png; path = "start@3x.png"; sourceTree = "<group>"; };
		6F3A6FC01F63DF4400A805FB /* back@2x.png */ = {isa = PBXFileReference; lastKnownFileType = image.png; path = "back@2x.png"; sourceTree = "<group>"; };
		6F3A6FC11F63DF4400A805FB /* back@3x.png */ = {isa = PBXFileReference; lastKnownFileType = image.png; path = "back@3x.png"; sourceTree = "<group>"; };
		6F3A6FCA1F6448B700A805FB /* BaseWebViewController.h */ = {isa = PBXFileReference; fileEncoding = 4; lastKnownFileType = sourcecode.c.h; path = BaseWebViewController.h; sourceTree = "<group>"; };
		6F3A6FCB1F6448B700A805FB /* BaseWebViewController.m */ = {isa = PBXFileReference; fileEncoding = 4; lastKnownFileType = sourcecode.c.objc; path = BaseWebViewController.m; sourceTree = "<group>"; };
		6F3A6FCD1F64D78600A805FB /* Test.html */ = {isa = PBXFileReference; fileEncoding = 4; lastKnownFileType = text.html; path = Test.html; sourceTree = "<group>"; };
		6F3A6FCF1F64DA3B00A805FB /* bg@2x.png */ = {isa = PBXFileReference; lastKnownFileType = image.png; path = "bg@2x.png"; sourceTree = "<group>"; };
		6F3A6FD01F64DA3B00A805FB /* bg@3x.png */ = {isa = PBXFileReference; lastKnownFileType = image.png; path = "bg@3x.png"; sourceTree = "<group>"; };
		6F3A6FD11F64DA3B00A805FB /* recharge@2x.png */ = {isa = PBXFileReference; lastKnownFileType = image.png; path = "recharge@2x.png"; sourceTree = "<group>"; };
		6F3A6FD21F64DA3B00A805FB /* recharge@3x.png */ = {isa = PBXFileReference; lastKnownFileType = image.png; path = "recharge@3x.png"; sourceTree = "<group>"; };
		6F3A6FD31F64DA3B00A805FB /* rechargeBg@2x.png */ = {isa = PBXFileReference; lastKnownFileType = image.png; path = "rechargeBg@2x.png"; sourceTree = "<group>"; };
		6F3A6FD41F64DA3B00A805FB /* rechargeBg@3x.png */ = {isa = PBXFileReference; lastKnownFileType = image.png; path = "rechargeBg@3x.png"; sourceTree = "<group>"; };
		6F3A6FD51F64DA3B00A805FB /* startBg@2x.png */ = {isa = PBXFileReference; lastKnownFileType = image.png; path = "startBg@2x.png"; sourceTree = "<group>"; };
		6F3A6FD61F64DA3B00A805FB /* startBg@3x.png */ = {isa = PBXFileReference; lastKnownFileType = image.png; path = "startBg@3x.png"; sourceTree = "<group>"; };
		6F58F7DF1F79583C0008347F /* BaseModel.h */ = {isa = PBXFileReference; fileEncoding = 4; lastKnownFileType = sourcecode.c.h; path = BaseModel.h; sourceTree = "<group>"; };
		6F58F7E01F79583C0008347F /* BaseModel.m */ = {isa = PBXFileReference; fileEncoding = 4; lastKnownFileType = sourcecode.c.objc; path = BaseModel.m; sourceTree = "<group>"; };
		6F58F7E21F795A440008347F /* WUser.h */ = {isa = PBXFileReference; lastKnownFileType = sourcecode.c.h; path = WUser.h; sourceTree = "<group>"; };
		6F58F7E31F795A440008347F /* WUser.m */ = {isa = PBXFileReference; lastKnownFileType = sourcecode.c.objc; path = WUser.m; sourceTree = "<group>"; };
		6F58F7E51F79F0D60008347F /* WebViewController.h */ = {isa = PBXFileReference; lastKnownFileType = sourcecode.c.h; path = WebViewController.h; sourceTree = "<group>"; };
		6F58F7E61F79F0D60008347F /* WebViewController.m */ = {isa = PBXFileReference; lastKnownFileType = sourcecode.c.objc; path = WebViewController.m; sourceTree = "<group>"; };
		6F58F80F1F7AA58D0008347F /* UIKit.framework */ = {isa = PBXFileReference; lastKnownFileType = wrapper.framework; name = UIKit.framework; path = System/Library/Frameworks/UIKit.framework; sourceTree = SDKROOT; };
		6F58F8111F7AA5990008347F /* Foundation.framework */ = {isa = PBXFileReference; lastKnownFileType = wrapper.framework; name = Foundation.framework; path = System/Library/Frameworks/Foundation.framework; sourceTree = SDKROOT; };
		6F58F8131F7AA5AB0008347F /* CoreVideo.framework */ = {isa = PBXFileReference; lastKnownFileType = wrapper.framework; name = CoreVideo.framework; path = System/Library/Frameworks/CoreVideo.framework; sourceTree = SDKROOT; };
		6F58F8151F7AA5BD0008347F /* Accelerate.framework */ = {isa = PBXFileReference; lastKnownFileType = wrapper.framework; name = Accelerate.framework; path = System/Library/Frameworks/Accelerate.framework; sourceTree = SDKROOT; };
		6F58F8171F7AA5E20008347F /* libprotobuf.tbd */ = {isa = PBXFileReference; lastKnownFileType = "sourcecode.text-based-dylib-definition"; name = libprotobuf.tbd; path = usr/lib/libprotobuf.tbd; sourceTree = SDKROOT; };
		6F58F8191F7AA6190008347F /* libbz2.tbd */ = {isa = PBXFileReference; lastKnownFileType = "sourcecode.text-based-dylib-definition"; name = libbz2.tbd; path = usr/lib/libbz2.tbd; sourceTree = SDKROOT; };
		6F58F81B1F7AA6340008347F /* libstdc++.6.tbd */ = {isa = PBXFileReference; lastKnownFileType = "sourcecode.text-based-dylib-definition"; name = "libstdc++.6.tbd"; path = "usr/lib/libstdc++.6.tbd"; sourceTree = SDKROOT; };
		6F58F82F1F7B72E80008347F /* IMCore.framework */ = {isa = PBXFileReference; lastKnownFileType = wrapper.framework; path = IMCore.framework; sourceTree = "<group>"; };
		6F58F8301F7B72E80008347F /* ImSDK.framework */ = {isa = PBXFileReference; lastKnownFileType = wrapper.framework; path = ImSDK.framework; sourceTree = "<group>"; };
		6F58F8311F7B72E80008347F /* IMSDKBugly.framework */ = {isa = PBXFileReference; lastKnownFileType = wrapper.framework; path = IMSDKBugly.framework; sourceTree = "<group>"; };
		6F58F8321F7B72E80008347F /* QALSDK.framework */ = {isa = PBXFileReference; lastKnownFileType = wrapper.framework; path = QALSDK.framework; sourceTree = "<group>"; };
		6F58F8331F7B72E80008347F /* TLSSDK.framework */ = {isa = PBXFileReference; lastKnownFileType = wrapper.framework; path = TLSSDK.framework; sourceTree = "<group>"; };
		6F58F8351F7B72E90008347F /* ILiveSDK.framework */ = {isa = PBXFileReference; lastKnownFileType = wrapper.framework; path = ILiveSDK.framework; sourceTree = "<group>"; };
		6F58F8361F7B72E90008347F /* TILFilterResource.bundle */ = {isa = PBXFileReference; lastKnownFileType = "wrapper.plug-in"; path = TILFilterResource.bundle; sourceTree = "<group>"; };
		6F58F8371F7B72E90008347F /* TILFilterSDK.framework */ = {isa = PBXFileReference; lastKnownFileType = wrapper.framework; path = TILFilterSDK.framework; sourceTree = "<group>"; };
		6F58F8381F7B72E90008347F /* TILLiveSDK.framework */ = {isa = PBXFileReference; lastKnownFileType = wrapper.framework; path = TILLiveSDK.framework; sourceTree = "<group>"; };
		6F85D70A1F8255FD00A11DC2 /* WAccountLoginViewController.h */ = {isa = PBXFileReference; lastKnownFileType = sourcecode.c.h; path = WAccountLoginViewController.h; sourceTree = "<group>"; };
		6F85D70B1F8255FD00A11DC2 /* WAccountLoginViewController.m */ = {isa = PBXFileReference; lastKnownFileType = sourcecode.c.objc; path = WAccountLoginViewController.m; sourceTree = "<group>"; };
		6F85D70C1F8255FD00A11DC2 /* WAccountLoginViewController.xib */ = {isa = PBXFileReference; lastKnownFileType = file.xib; path = WAccountLoginViewController.xib; sourceTree = "<group>"; };
		6F8D3EC71F823A9F00F1BE59 /* WProtocolViewController.h */ = {isa = PBXFileReference; lastKnownFileType = sourcecode.c.h; path = WProtocolViewController.h; sourceTree = "<group>"; };
		6F8D3EC81F823A9F00F1BE59 /* WProtocolViewController.m */ = {isa = PBXFileReference; lastKnownFileType = sourcecode.c.objc; path = WProtocolViewController.m; sourceTree = "<group>"; };
		6F90687E1F81EC9600F8F816 /* WNaviLoginViewController.h */ = {isa = PBXFileReference; lastKnownFileType = sourcecode.c.h; path = WNaviLoginViewController.h; sourceTree = "<group>"; };
		6F90687F1F81EC9600F8F816 /* WNaviLoginViewController.m */ = {isa = PBXFileReference; lastKnownFileType = sourcecode.c.objc; path = WNaviLoginViewController.m; sourceTree = "<group>"; };
		6FC8CDC81F84CD3B003ABB0D /* WilddogVideoManager.h */ = {isa = PBXFileReference; lastKnownFileType = sourcecode.c.h; path = WilddogVideoManager.h; sourceTree = "<group>"; };
		6FC8CDC91F84CD3C003ABB0D /* WilddogVideoManager.m */ = {isa = PBXFileReference; lastKnownFileType = sourcecode.c.objc; path = WilddogVideoManager.m; sourceTree = "<group>"; };
		6FF5828E1F6E115400A68B6A /* HLReloadDataView.h */ = {isa = PBXFileReference; fileEncoding = 4; lastKnownFileType = sourcecode.c.h; path = HLReloadDataView.h; sourceTree = "<group>"; };
		6FF5828F1F6E115400A68B6A /* HLReloadDataView.m */ = {isa = PBXFileReference; fileEncoding = 4; lastKnownFileType = sourcecode.c.objc; path = HLReloadDataView.m; sourceTree = "<group>"; };
		6FF582911F6E12CC00A68B6A /* UIColor+Category.h */ = {isa = PBXFileReference; fileEncoding = 4; lastKnownFileType = sourcecode.c.h; path = "UIColor+Category.h"; sourceTree = "<group>"; };
		6FF582921F6E12CC00A68B6A /* UIColor+Category.m */ = {isa = PBXFileReference; fileEncoding = 4; lastKnownFileType = sourcecode.c.objc; path = "UIColor+Category.m"; sourceTree = "<group>"; };
		6FF582941F6E132900A68B6A /* HLColorSet.h */ = {isa = PBXFileReference; fileEncoding = 4; lastKnownFileType = sourcecode.c.h; path = HLColorSet.h; sourceTree = "<group>"; };
		6FF582951F6E132900A68B6A /* HLColorSet.m */ = {isa = PBXFileReference; fileEncoding = 4; lastKnownFileType = sourcecode.c.objc; path = HLColorSet.m; sourceTree = "<group>"; };
		6FF582971F6E1A2400A68B6A /* HLNetWorkingClient.h */ = {isa = PBXFileReference; fileEncoding = 4; lastKnownFileType = sourcecode.c.h; path = HLNetWorkingClient.h; sourceTree = "<group>"; };
		6FF582981F6E1A2400A68B6A /* HLNetWorkingClient.m */ = {isa = PBXFileReference; fileEncoding = 4; lastKnownFileType = sourcecode.c.objc; path = HLNetWorkingClient.m; sourceTree = "<group>"; };
		6FF582991F6E1A2400A68B6A /* HLResponseModel.h */ = {isa = PBXFileReference; fileEncoding = 4; lastKnownFileType = sourcecode.c.h; path = HLResponseModel.h; sourceTree = "<group>"; };
		6FF5829A1F6E1A2400A68B6A /* HLResponseModel.m */ = {isa = PBXFileReference; fileEncoding = 4; lastKnownFileType = sourcecode.c.objc; path = HLResponseModel.m; sourceTree = "<group>"; };
		6FF5829D1F6E1C0600A68B6A /* WNetWorkClient.h */ = {isa = PBXFileReference; fileEncoding = 4; lastKnownFileType = sourcecode.c.h; path = WNetWorkClient.h; sourceTree = "<group>"; };
		6FF5829E1F6E1C0600A68B6A /* WNetWorkClient.m */ = {isa = PBXFileReference; fileEncoding = 4; lastKnownFileType = sourcecode.c.objc; path = WNetWorkClient.m; sourceTree = "<group>"; };
		6FF582A01F70040100A68B6A /* controlbg.png */ = {isa = PBXFileReference; lastKnownFileType = image.png; path = controlbg.png; sourceTree = "<group>"; };
		6FF582A11F70040100A68B6A /* ok.png */ = {isa = PBXFileReference; lastKnownFileType = image.png; path = ok.png; sourceTree = "<group>"; };
		6FF582A21F70040100A68B6A /* zhua_down.png */ = {isa = PBXFileReference; lastKnownFileType = image.png; path = zhua_down.png; sourceTree = "<group>"; };
		6FF582A31F70040200A68B6A /* zhua_left.png */ = {isa = PBXFileReference; lastKnownFileType = image.png; path = zhua_left.png; sourceTree = "<group>"; };
		6FF582A41F70040200A68B6A /* zhua_right.png */ = {isa = PBXFileReference; lastKnownFileType = image.png; path = zhua_right.png; sourceTree = "<group>"; };
		6FF582A51F70040200A68B6A /* zhua_up.png */ = {isa = PBXFileReference; lastKnownFileType = image.png; path = zhua_up.png; sourceTree = "<group>"; };
		6FF582AC1F700D3D00A68B6A /* WPlayView.h */ = {isa = PBXFileReference; fileEncoding = 4; lastKnownFileType = sourcecode.c.h; path = WPlayView.h; sourceTree = "<group>"; };
		6FF582AD1F700D3D00A68B6A /* WPlayView.m */ = {isa = PBXFileReference; fileEncoding = 4; lastKnownFileType = sourcecode.c.objc; path = WPlayView.m; sourceTree = "<group>"; };
		6FF582AF1F700D4E00A68B6A /* WplayVIew.xib */ = {isa = PBXFileReference; fileEncoding = 4; lastKnownFileType = file.xib; path = WplayVIew.xib; sourceTree = "<group>"; };
		A1E69A7BD7865441EDC1ADE7 /* Pods-wawa.debug.xcconfig */ = {isa = PBXFileReference; includeInIndex = 1; lastKnownFileType = text.xcconfig; name = "Pods-wawa.debug.xcconfig"; path = "Pods/Target Support Files/Pods-wawa/Pods-wawa.debug.xcconfig"; sourceTree = "<group>"; };
/* End PBXFileReference section */

/* Begin PBXFrameworksBuildPhase section */
		6F3A6F341F5F17A000A805FB /* Frameworks */ = {
			isa = PBXFrameworksBuildPhase;
			buildActionMask = 2147483647;
			files = (
				6F58F81C1F7AA6350008347F /* libstdc++.6.tbd in Frameworks */,
				6F236C411F779A3000652CD6 /* libc++.tbd in Frameworks */,
				3BA9D07D1FB342B300598D8D /* libssl.a in Frameworks */,
				6F58F81A1F7AA6190008347F /* libbz2.tbd in Frameworks */,
				6F3A6F911F62EFD600A805FB /* libz.tbd in Frameworks */,
				6F3A6F931F62EFF500A805FB /* libiconv.tbd in Frameworks */,
				6F3A6F951F62F00100A805FB /* libresolv.tbd in Frameworks */,
				3BA9D07B1FB342B300598D8D /* AlipaySDK.framework in Frameworks */,
				6F236C3F1F779A2300652CD6 /* libsqlite3.0.tbd in Frameworks */,
				6F58F8181F7AA5E20008347F /* libprotobuf.tbd in Frameworks */,
				6F3A6F8D1F62EFBE00A805FB /* CoreGraphics.framework in Frameworks */,
				3BA9D07C1FB342B300598D8D /* libcrypto.a in Frameworks */,
				6F3A6F8B1F62EFB600A805FB /* CoreMedia.framework in Frameworks */,
				6F3A6F851F62EF9700A805FB /* SystemConfiguration.framework in Frameworks */,
				6F58F8161F7AA5BD0008347F /* Accelerate.framework in Frameworks */,
				6F3A6F831F62EF8D00A805FB /* VideoToolbox.framework in Frameworks */,
				6F58F8141F7AA5AB0008347F /* CoreVideo.framework in Frameworks */,
				6F58F8121F7AA5990008347F /* Foundation.framework in Frameworks */,
				6F58F8101F7AA58D0008347F /* UIKit.framework in Frameworks */,
				6F236C451F779A5700652CD6 /* CFNetwork.framework in Frameworks */,
				6F3A6F871F62EFA700A805FB /* CoreTelephony.framework in Frameworks */,
				6F236C431F779A3F00652CD6 /* Security.framework in Frameworks */,
				6F3A6F8F1F62EFC900A805FB /* libstdc++.tbd in Frameworks */,
				6F236C3D1F778E7900652CD6 /* libWeChatSDK.a in Frameworks */,
				6F3A6F891F62EFAD00A805FB /* AVFoundation.framework in Frameworks */,
				6F3A6F811F62EF5100A805FB /* TXLiteAVSDK_Smart.framework in Frameworks */,
				154703AC742799E1286E9978 /* libPods-wawa.a in Frameworks */,
			);
			runOnlyForDeploymentPostprocessing = 0;
		};
		6F3A6F4D1F5F17A000A805FB /* Frameworks */ = {
			isa = PBXFrameworksBuildPhase;
			buildActionMask = 2147483647;
			files = (
			);
			runOnlyForDeploymentPostprocessing = 0;
		};
/* End PBXFrameworksBuildPhase section */

/* Begin PBXGroup section */
		3BA9D0231FB342B300598D8D /* AlipaySDK */ = {
			isa = PBXGroup;
			children = (
				3BA9D0241FB342B300598D8D /* SDK */,
			);
			path = AlipaySDK;
			sourceTree = "<group>";
		};
		3BA9D0241FB342B300598D8D /* SDK */ = {
			isa = PBXGroup;
			children = (
				3BA9D0251FB342B300598D8D /* AlipaySDK.bundle */,
				3BA9D0261FB342B300598D8D /* AlipaySDK.framework */,
				3BA9D0271FB342B300598D8D /* libcrypto.a */,
				3BA9D0281FB342B300598D8D /* libssl.a */,
				3BA9D0291FB342B300598D8D /* openssl */,
				3BA9D0751FB342B300598D8D /* Utils */,
			);
			path = SDK;
			sourceTree = "<group>";
		};
		3BA9D0291FB342B300598D8D /* openssl */ = {
			isa = PBXGroup;
			children = (
				3BA9D02A1FB342B300598D8D /* aes.h */,
				3BA9D02B1FB342B300598D8D /* asn1.h */,
				3BA9D02C1FB342B300598D8D /* asn1_mac.h */,
				3BA9D02D1FB342B300598D8D /* asn1t.h */,
				3BA9D02E1FB342B300598D8D /* bio.h */,
				3BA9D02F1FB342B300598D8D /* blowfish.h */,
				3BA9D0301FB342B300598D8D /* bn.h */,
				3BA9D0311FB342B300598D8D /* buffer.h */,
				3BA9D0321FB342B300598D8D /* camellia.h */,
				3BA9D0331FB342B300598D8D /* cast.h */,
				3BA9D0341FB342B300598D8D /* cmac.h */,
				3BA9D0351FB342B300598D8D /* cms.h */,
				3BA9D0361FB342B300598D8D /* comp.h */,
				3BA9D0371FB342B300598D8D /* conf.h */,
				3BA9D0381FB342B300598D8D /* conf_api.h */,
				3BA9D0391FB342B300598D8D /* crypto.h */,
				3BA9D03A1FB342B300598D8D /* des.h */,
				3BA9D03B1FB342B300598D8D /* des_old.h */,
				3BA9D03C1FB342B300598D8D /* dh.h */,
				3BA9D03D1FB342B300598D8D /* dsa.h */,
				3BA9D03E1FB342B300598D8D /* dso.h */,
				3BA9D03F1FB342B300598D8D /* dtls1.h */,
				3BA9D0401FB342B300598D8D /* e_os2.h */,
				3BA9D0411FB342B300598D8D /* ebcdic.h */,
				3BA9D0421FB342B300598D8D /* ec.h */,
				3BA9D0431FB342B300598D8D /* ecdh.h */,
				3BA9D0441FB342B300598D8D /* ecdsa.h */,
				3BA9D0451FB342B300598D8D /* engine.h */,
				3BA9D0461FB342B300598D8D /* err.h */,
				3BA9D0471FB342B300598D8D /* evp.h */,
				3BA9D0481FB342B300598D8D /* hmac.h */,
				3BA9D0491FB342B300598D8D /* idea.h */,
				3BA9D04A1FB342B300598D8D /* krb5_asn.h */,
				3BA9D04B1FB342B300598D8D /* kssl.h */,
				3BA9D04C1FB342B300598D8D /* lhash.h */,
				3BA9D04D1FB342B300598D8D /* md4.h */,
				3BA9D04E1FB342B300598D8D /* md5.h */,
				3BA9D04F1FB342B300598D8D /* mdc2.h */,
				3BA9D0501FB342B300598D8D /* modes.h */,
				3BA9D0511FB342B300598D8D /* obj_mac.h */,
				3BA9D0521FB342B300598D8D /* objects.h */,
				3BA9D0531FB342B300598D8D /* ocsp.h */,
				3BA9D0541FB342B300598D8D /* opensslconf.h */,
				3BA9D0551FB342B300598D8D /* opensslv.h */,
				3BA9D0561FB342B300598D8D /* ossl_typ.h */,
				3BA9D0571FB342B300598D8D /* pem.h */,
				3BA9D0581FB342B300598D8D /* pem2.h */,
				3BA9D0591FB342B300598D8D /* pkcs12.h */,
				3BA9D05A1FB342B300598D8D /* pkcs7.h */,
				3BA9D05B1FB342B300598D8D /* pqueue.h */,
				3BA9D05C1FB342B300598D8D /* rand.h */,
				3BA9D05D1FB342B300598D8D /* rc2.h */,
				3BA9D05E1FB342B300598D8D /* rc4.h */,
				3BA9D05F1FB342B300598D8D /* ripemd.h */,
				3BA9D0601FB342B300598D8D /* rsa.h */,
				3BA9D0611FB342B300598D8D /* safestack.h */,
				3BA9D0621FB342B300598D8D /* seed.h */,
				3BA9D0631FB342B300598D8D /* sha.h */,
				3BA9D0641FB342B300598D8D /* srp.h */,
				3BA9D0651FB342B300598D8D /* srtp.h */,
				3BA9D0661FB342B300598D8D /* ssl.h */,
				3BA9D0671FB342B300598D8D /* ssl2.h */,
				3BA9D0681FB342B300598D8D /* ssl23.h */,
				3BA9D0691FB342B300598D8D /* ssl3.h */,
				3BA9D06A1FB342B300598D8D /* stack.h */,
				3BA9D06B1FB342B300598D8D /* symhacks.h */,
				3BA9D06C1FB342B300598D8D /* tls1.h */,
				3BA9D06D1FB342B300598D8D /* ts.h */,
				3BA9D06E1FB342B300598D8D /* txt_db.h */,
				3BA9D06F1FB342B300598D8D /* ui.h */,
				3BA9D0701FB342B300598D8D /* ui_compat.h */,
				3BA9D0711FB342B300598D8D /* whrlpool.h */,
				3BA9D0721FB342B300598D8D /* x509.h */,
				3BA9D0731FB342B300598D8D /* x509_vfy.h */,
				3BA9D0741FB342B300598D8D /* x509v3.h */,
			);
			path = openssl;
			sourceTree = "<group>";
		};
		3BA9D0751FB342B300598D8D /* Utils */ = {
			isa = PBXGroup;
			children = (
				3BA9D0761FB342B300598D8D /* APRSASigner.h */,
				3BA9D0771FB342B300598D8D /* APRSASigner.m */,
				3BA9D0781FB342B300598D8D /* openssl_wrapper.h */,
				3BA9D0791FB342B300598D8D /* openssl_wrapper.m */,
			);
			path = Utils;
			sourceTree = "<group>";
		};
		6F236C381F778E7900652CD6 /* OpenSDK1.8.0 */ = {
			isa = PBXGroup;
			children = (
				6F236C391F778E7900652CD6 /* libWeChatSDK.a */,
				6F236C3A1F778E7900652CD6 /* WechatAuthSDK.h */,
				6F236C3B1F778E7900652CD6 /* WXApi.h */,
				6F236C3C1F778E7900652CD6 /* WXApiObject.h */,
				3BC3ACA41FB1EAC900CF5368 /* WXPayMaster.h */,
				3BC3ACA51FB1EAC900CF5368 /* WXPayMaster.m */,
			);
			path = OpenSDK1.8.0;
			sourceTree = "<group>";
		};
		6F236C461F793CF600652CD6 /* Controller */ = {
			isa = PBXGroup;
			children = (
				6F236C491F793D2000652CD6 /* WLoginViewController.h */,
				6F236C4A1F793D2000652CD6 /* WLoginViewController.m */,
				6F90687E1F81EC9600F8F816 /* WNaviLoginViewController.h */,
				6F90687F1F81EC9600F8F816 /* WNaviLoginViewController.m */,
				6F8D3EC71F823A9F00F1BE59 /* WProtocolViewController.h */,
				6F8D3EC81F823A9F00F1BE59 /* WProtocolViewController.m */,
				6F85D70A1F8255FD00A11DC2 /* WAccountLoginViewController.h */,
				6F85D70B1F8255FD00A11DC2 /* WAccountLoginViewController.m */,
				6F85D70C1F8255FD00A11DC2 /* WAccountLoginViewController.xib */,
			);
			path = Controller;
			sourceTree = "<group>";
		};
		6F236C471F793CF600652CD6 /* Model */ = {
			isa = PBXGroup;
			children = (
				6F58F7E21F795A440008347F /* WUser.h */,
				6F58F7E31F795A440008347F /* WUser.m */,
			);
			path = Model;
			sourceTree = "<group>";
		};
		6F236C481F793CF600652CD6 /* View */ = {
			isa = PBXGroup;
			children = (
			);
			path = View;
			sourceTree = "<group>";
		};
		6F3A6F2E1F5F17A000A805FB = {
			isa = PBXGroup;
			children = (
				6F3A6F391F5F17A000A805FB /* wawa */,
				6F3A6F531F5F17A000A805FB /* wawaTests */,
				6F3A6F381F5F17A000A805FB /* Products */,
				C88FEACF9B0B76DA047E6EDE /* Pods */,
				FCDDB63A865D04B116AB72BB /* Frameworks */,
				3BC3AD041FB1EFBC00CF5368 /* wawa copy-Info.plist */,
			);
			sourceTree = "<group>";
		};
		6F3A6F381F5F17A000A805FB /* Products */ = {
			isa = PBXGroup;
			children = (
				6F3A6F371F5F17A000A805FB /* wawa.app */,
				6F3A6F501F5F17A000A805FB /* wawaTests.xctest */,
			);
			name = Products;
			sourceTree = "<group>";
		};
		6F3A6F391F5F17A000A805FB /* wawa */ = {
			isa = PBXGroup;
			children = (
				6F3A6FC61F64486700A805FB /* Base */,
				6F3A6F7E1F62EF5100A805FB /* ThirdPartyLibraries */,
				6F3A6F5F1F5F18D800A805FB /* Category */,
				6F3A6F621F5F18D800A805FB /* ConstantDefine */,
				6F3A6F641F5F18D800A805FB /* Main */,
				6F3A6F651F5F18D800A805FB /* Manager */,
				6F3A6F661F5F18D800A805FB /* NetWork */,
				6F3A6F671F5F18D800A805FB /* ResourceFile */,
				6F3A6F3D1F5F17A000A805FB /* AppDelegate.h */,
				6F3A6F3E1F5F17A000A805FB /* AppDelegate.m */,
				6F3A6F461F5F17A000A805FB /* Assets.xcassets */,
				6F3A6F3A1F5F17A000A805FB /* Supporting Files */,
			);
			path = wawa;
			sourceTree = "<group>";
		};
		6F3A6F3A1F5F17A000A805FB /* Supporting Files */ = {
			isa = PBXGroup;
			children = (
				6F3A6F401F5F17A000A805FB /* ViewController.h */,
				6F3A6F411F5F17A000A805FB /* ViewController.m */,
				6F3A6F431F5F17A000A805FB /* Main.storyboard */,
				6F3A6F481F5F17A000A805FB /* LaunchScreen.storyboard */,
				6F3A6F4B1F5F17A000A805FB /* Info.plist */,
				6F3A6F3B1F5F17A000A805FB /* main.m */,
				6F3A6FA31F62F9DF00A805FB /* Header.h */,
				6F3A6FA41F62FA8000A805FB /* PrefixHeader.pch */,
			);
			name = "Supporting Files";
			sourceTree = "<group>";
		};
		6F3A6F531F5F17A000A805FB /* wawaTests */ = {
			isa = PBXGroup;
			children = (
				6F3A6F541F5F17A000A805FB /* wawaTests.m */,
				6F3A6F561F5F17A000A805FB /* Info.plist */,
			);
			path = wawaTests;
			sourceTree = "<group>";
		};
		6F3A6F5F1F5F18D800A805FB /* Category */ = {
			isa = PBXGroup;
			children = (
				6FF582911F6E12CC00A68B6A /* UIColor+Category.h */,
				6FF582921F6E12CC00A68B6A /* UIColor+Category.m */,
				6F3A6F601F5F18D800A805FB /* UIView+SDExtension.h */,
				6F3A6F611F5F18D800A805FB /* UIView+SDExtension.m */,
			);
			path = Category;
			sourceTree = "<group>";
		};
		6F3A6F621F5F18D800A805FB /* ConstantDefine */ = {
			isa = PBXGroup;
			children = (
				6FF582941F6E132900A68B6A /* HLColorSet.h */,
				6FF582951F6E132900A68B6A /* HLColorSet.m */,
			);
			path = ConstantDefine;
			sourceTree = "<group>";
		};
		6F3A6F641F5F18D800A805FB /* Main */ = {
			isa = PBXGroup;
			children = (
				6F3A6FA51F62FE2900A805FB /* Login */,
				6F3A6FA61F62FE2900A805FB /* Main */,
				6F3A6F961F62F61700A805FB /* Live */,
			);
			path = Main;
			sourceTree = "<group>";
		};
		6F3A6F651F5F18D800A805FB /* Manager */ = {
			isa = PBXGroup;
			children = (
				6F3A6FA01F62F6E400A805FB /* WPlayerManager.h */,
				6F3A6FA11F62F6E400A805FB /* WPlayerManager.m */,
				6F236C4C1F7944B200652CD6 /* WXLoginmanager.h */,
				6F236C4D1F7944B200652CD6 /* WXLoginmanager.m */,
				6FC8CDC81F84CD3B003ABB0D /* WilddogVideoManager.h */,
				6FC8CDC91F84CD3C003ABB0D /* WilddogVideoManager.m */,
				3BC3AD051FB1F21300CF5368 /* WilddoglistenerManager.h */,
				3BC3AD061FB1F21300CF5368 /* WilddoglistenerManager.m */,
			);
			path = Manager;
			sourceTree = "<group>";
		};
		6F3A6F661F5F18D800A805FB /* NetWork */ = {
			isa = PBXGroup;
			children = (
				6FF582991F6E1A2400A68B6A /* HLResponseModel.h */,
				6FF5829A1F6E1A2400A68B6A /* HLResponseModel.m */,
				6FF582971F6E1A2400A68B6A /* HLNetWorkingClient.h */,
				6FF582981F6E1A2400A68B6A /* HLNetWorkingClient.m */,
				6FF5829D1F6E1C0600A68B6A /* WNetWorkClient.h */,
				6FF5829E1F6E1C0600A68B6A /* WNetWorkClient.m */,
			);
			path = NetWork;
			sourceTree = "<group>";
		};
		6F3A6F671F5F18D800A805FB /* ResourceFile */ = {
			isa = PBXGroup;
			children = (
				6F3A6FCD1F64D78600A805FB /* Test.html */,
				6F3A6FB31F63D8D700A805FB /* images */,
			);
			path = ResourceFile;
			sourceTree = "<group>";
		};
		6F3A6F7E1F62EF5100A805FB /* ThirdPartyLibraries */ = {
			isa = PBXGroup;
			children = (
				3BA9D0231FB342B300598D8D /* AlipaySDK */,
				6F58F8341F7B72E90008347F /* ILiveSDK */,
				6F58F82E1F7B72E80008347F /* IMSDK */,
				6F236C381F778E7900652CD6 /* OpenSDK1.8.0 */,
				6F3A6F7F1F62EF5100A805FB /* TXLiveSDK */,
			);
			path = ThirdPartyLibraries;
			sourceTree = "<group>";
		};
		6F3A6F7F1F62EF5100A805FB /* TXLiveSDK */ = {
			isa = PBXGroup;
			children = (
				6F3A6F801F62EF5100A805FB /* TXLiteAVSDK_Smart.framework */,
			);
			path = TXLiveSDK;
			sourceTree = "<group>";
		};
		6F3A6F961F62F61700A805FB /* Live */ = {
			isa = PBXGroup;
			children = (
				6F3A6F981F62F61700A805FB /* Model */,
				6F3A6F991F62F61700A805FB /* View */,
				6F3A6F971F62F61700A805FB /* Controller */,
			);
			path = Live;
			sourceTree = "<group>";
		};
		6F3A6F971F62F61700A805FB /* Controller */ = {
			isa = PBXGroup;
			children = (
				6F3A6F9A1F62F64500A805FB /* WLiveRoomViewController.h */,
				6F3A6F9B1F62F64500A805FB /* WLiveRoomViewController.m */,
				6F3A6F9D1F62F65A00A805FB /* WPlayerViewController.h */,
				6F3A6F9E1F62F65A00A805FB /* WPlayerViewController.m */,
				6F3A6FB01F63D6CD00A805FB /* WFunctionViewController.h */,
				6F3A6FB11F63D6CD00A805FB /* WFunctionViewController.m */,
			);
			path = Controller;
			sourceTree = "<group>";
		};
		6F3A6F981F62F61700A805FB /* Model */ = {
			isa = PBXGroup;
			children = (
			);
			path = Model;
			sourceTree = "<group>";
		};
		6F3A6F991F62F61700A805FB /* View */ = {
			isa = PBXGroup;
			children = (
				6FF5828E1F6E115400A68B6A /* HLReloadDataView.h */,
				6FF5828F1F6E115400A68B6A /* HLReloadDataView.m */,
				6FF582AC1F700D3D00A68B6A /* WPlayView.h */,
				6FF582AD1F700D3D00A68B6A /* WPlayView.m */,
				6FF582AF1F700D4E00A68B6A /* WplayVIew.xib */,
				3B55216D1FB1AB6000508C58 /* WRechargeView.h */,
				3B55216E1FB1AB6000508C58 /* WRechargeView.m */,
				3B480BE21FB5542D001EA2B8 /* WCountDownView.h */,
				3B480BE31FB5542D001EA2B8 /* WCountDownView.m */,
				3B5521701FB1B66400508C58 /* WPackageTableViewCell.h */,
				3B5521711FB1B66400508C58 /* WPackageTableViewCell.m */,
				3B5521721FB1B66400508C58 /* WPackageTableViewCell.xib */,
			);
			path = View;
			sourceTree = "<group>";
		};
		6F3A6FA51F62FE2900A805FB /* Login */ = {
			isa = PBXGroup;
			children = (
				6F236C471F793CF600652CD6 /* Model */,
				6F236C481F793CF600652CD6 /* View */,
				6F236C461F793CF600652CD6 /* Controller */,
			);
			path = Login;
			sourceTree = "<group>";
		};
		6F3A6FA61F62FE2900A805FB /* Main */ = {
			isa = PBXGroup;
			children = (
				6F3A6FA71F62FE5000A805FB /* WMainViewController.h */,
				6F3A6FA81F62FE5000A805FB /* WMainViewController.m */,
			);
			path = Main;
			sourceTree = "<group>";
		};
		6F3A6FB31F63D8D700A805FB /* images */ = {
			isa = PBXGroup;
			children = (
				6F3A6FCF1F64DA3B00A805FB /* bg@2x.png */,
				6F3A6FD01F64DA3B00A805FB /* bg@3x.png */,
				6F3A6FD11F64DA3B00A805FB /* recharge@2x.png */,
				6F3A6FD21F64DA3B00A805FB /* recharge@3x.png */,
				6F3A6FD31F64DA3B00A805FB /* rechargeBg@2x.png */,
				6F3A6FD41F64DA3B00A805FB /* rechargeBg@3x.png */,
				6F3A6FD51F64DA3B00A805FB /* startBg@2x.png */,
				6F3A6FD61F64DA3B00A805FB /* startBg@3x.png */,
				6F3A6FC01F63DF4400A805FB /* back@2x.png */,
				6F3A6FC11F63DF4400A805FB /* back@3x.png */,
				6F3A6FB61F63D8D700A805FB /* border@2x.png */,
				6F3A6FB71F63D8D700A805FB /* border@3x.png */,
				6F3A6FB81F63D8D700A805FB /* start@2x.png */,
				6F3A6FB91F63D8D700A805FB /* start@3x.png */,
				6FF582A01F70040100A68B6A /* controlbg.png */,
				6FF582A11F70040100A68B6A /* ok.png */,
				6FF582A21F70040100A68B6A /* zhua_down.png */,
				6FF582A31F70040200A68B6A /* zhua_left.png */,
				6FF582A41F70040200A68B6A /* zhua_right.png */,
				6FF582A51F70040200A68B6A /* zhua_up.png */,
			);
			path = images;
			sourceTree = "<group>";
		};
		6F3A6FC61F64486700A805FB /* Base */ = {
			isa = PBXGroup;
			children = (
				6F3A6FC81F64488A00A805FB /* Model */,
				6F3A6FC91F64488A00A805FB /* View */,
				6F3A6FC71F64488A00A805FB /* Controller */,
			);
			path = Base;
			sourceTree = "<group>";
		};
		6F3A6FC71F64488A00A805FB /* Controller */ = {
			isa = PBXGroup;
			children = (
				6F3A6FCA1F6448B700A805FB /* BaseWebViewController.h */,
				6F3A6FCB1F6448B700A805FB /* BaseWebViewController.m */,
				6F58F7E51F79F0D60008347F /* WebViewController.h */,
				6F58F7E61F79F0D60008347F /* WebViewController.m */,
			);
			path = Controller;
			sourceTree = "<group>";
		};
		6F3A6FC81F64488A00A805FB /* Model */ = {
			isa = PBXGroup;
			children = (
				6F58F7DF1F79583C0008347F /* BaseModel.h */,
				6F58F7E01F79583C0008347F /* BaseModel.m */,
			);
			path = Model;
			sourceTree = "<group>";
		};
		6F3A6FC91F64488A00A805FB /* View */ = {
			isa = PBXGroup;
			children = (
			);
			path = View;
			sourceTree = "<group>";
		};
		6F58F82E1F7B72E80008347F /* IMSDK */ = {
			isa = PBXGroup;
			children = (
				6F58F82F1F7B72E80008347F /* IMCore.framework */,
				6F58F8301F7B72E80008347F /* ImSDK.framework */,
				6F58F8311F7B72E80008347F /* IMSDKBugly.framework */,
				6F58F8321F7B72E80008347F /* QALSDK.framework */,
				6F58F8331F7B72E80008347F /* TLSSDK.framework */,
			);
			path = IMSDK;
			sourceTree = "<group>";
		};
		6F58F8341F7B72E90008347F /* ILiveSDK */ = {
			isa = PBXGroup;
			children = (
				6F58F8351F7B72E90008347F /* ILiveSDK.framework */,
				6F58F8361F7B72E90008347F /* TILFilterResource.bundle */,
				6F58F8371F7B72E90008347F /* TILFilterSDK.framework */,
				6F58F8381F7B72E90008347F /* TILLiveSDK.framework */,
			);
			path = ILiveSDK;
			sourceTree = "<group>";
		};
		C88FEACF9B0B76DA047E6EDE /* Pods */ = {
			isa = PBXGroup;
			children = (
				A1E69A7BD7865441EDC1ADE7 /* Pods-wawa.debug.xcconfig */,
				54B0F750E7C41712D468CFD8 /* Pods-wawa.release.xcconfig */,
			);
			name = Pods;
			sourceTree = "<group>";
		};
		FCDDB63A865D04B116AB72BB /* Frameworks */ = {
			isa = PBXGroup;
			children = (
				6F58F81B1F7AA6340008347F /* libstdc++.6.tbd */,
				6F58F8191F7AA6190008347F /* libbz2.tbd */,
				6F58F8171F7AA5E20008347F /* libprotobuf.tbd */,
				6F58F8151F7AA5BD0008347F /* Accelerate.framework */,
				6F58F8131F7AA5AB0008347F /* CoreVideo.framework */,
				6F58F8111F7AA5990008347F /* Foundation.framework */,
				6F58F80F1F7AA58D0008347F /* UIKit.framework */,
				6F236C441F779A5700652CD6 /* CFNetwork.framework */,
				6F236C421F779A3E00652CD6 /* Security.framework */,
				6F236C401F779A3000652CD6 /* libc++.tbd */,
				6F236C3E1F779A2300652CD6 /* libsqlite3.0.tbd */,
				6F3A6F941F62F00100A805FB /* libresolv.tbd */,
				6F3A6F921F62EFF500A805FB /* libiconv.tbd */,
				6F3A6F901F62EFD600A805FB /* libz.tbd */,
				6F3A6F8E1F62EFC900A805FB /* libstdc++.tbd */,
				6F3A6F8C1F62EFBE00A805FB /* CoreGraphics.framework */,
				6F3A6F8A1F62EFB600A805FB /* CoreMedia.framework */,
				6F3A6F881F62EFAD00A805FB /* AVFoundation.framework */,
				6F3A6F861F62EFA700A805FB /* CoreTelephony.framework */,
				6F3A6F841F62EF9700A805FB /* SystemConfiguration.framework */,
				6F3A6F821F62EF8D00A805FB /* VideoToolbox.framework */,
				42F5B37EAF63675639584096 /* libPods-wawa.a */,
			);
			name = Frameworks;
			sourceTree = "<group>";
		};
/* End PBXGroup section */

/* Begin PBXNativeTarget section */
		6F3A6F361F5F17A000A805FB /* wawa */ = {
			isa = PBXNativeTarget;
			buildConfigurationList = 6F3A6F591F5F17A000A805FB /* Build configuration list for PBXNativeTarget "wawa" */;
			buildPhases = (
				C1D1A60B3FF3DD56752F0922 /* [CP] Check Pods Manifest.lock */,
				6F3A6F331F5F17A000A805FB /* Sources */,
				6F3A6F341F5F17A000A805FB /* Frameworks */,
				6F3A6F351F5F17A000A805FB /* Resources */,
				47028FC8A08733D0BCCB4562 /* [CP] Embed Pods Frameworks */,
				FE892819FB8D3AF3E5757EF5 /* [CP] Copy Pods Resources */,
			);
			buildRules = (
			);
			dependencies = (
			);
			name = wawa;
			productName = wawa;
			productReference = 6F3A6F371F5F17A000A805FB /* wawa.app */;
			productType = "com.apple.product-type.application";
		};
		6F3A6F4F1F5F17A000A805FB /* wawaTests */ = {
			isa = PBXNativeTarget;
			buildConfigurationList = 6F3A6F5C1F5F17A000A805FB /* Build configuration list for PBXNativeTarget "wawaTests" */;
			buildPhases = (
				6F3A6F4C1F5F17A000A805FB /* Sources */,
				6F3A6F4D1F5F17A000A805FB /* Frameworks */,
				6F3A6F4E1F5F17A000A805FB /* Resources */,
			);
			buildRules = (
			);
			dependencies = (
				6F3A6F521F5F17A000A805FB /* PBXTargetDependency */,
			);
			name = wawaTests;
			productName = wawaTests;
			productReference = 6F3A6F501F5F17A000A805FB /* wawaTests.xctest */;
			productType = "com.apple.product-type.bundle.unit-test";
		};
/* End PBXNativeTarget section */

/* Begin PBXProject section */
		6F3A6F2F1F5F17A000A805FB /* Project object */ = {
			isa = PBXProject;
			attributes = {
				LastUpgradeCheck = 0900;
				ORGANIZATIONNAME = legendream;
				TargetAttributes = {
					6F3A6F361F5F17A000A805FB = {
						CreatedOnToolsVersion = 8.3.2;
						DevelopmentTeam = ZACBQ54XUE;
						ProvisioningStyle = Automatic;
					};
					6F3A6F4F1F5F17A000A805FB = {
						CreatedOnToolsVersion = 8.3.2;
						ProvisioningStyle = Automatic;
						TestTargetID = 6F3A6F361F5F17A000A805FB;
					};
				};
			};
			buildConfigurationList = 6F3A6F321F5F17A000A805FB /* Build configuration list for PBXProject "wawa" */;
			compatibilityVersion = "Xcode 3.2";
			developmentRegion = English;
			hasScannedForEncodings = 0;
			knownRegions = (
				en,
				Base,
			);
			mainGroup = 6F3A6F2E1F5F17A000A805FB;
			productRefGroup = 6F3A6F381F5F17A000A805FB /* Products */;
			projectDirPath = "";
			projectRoot = "";
			targets = (
				6F3A6F361F5F17A000A805FB /* wawa */,
				6F3A6F4F1F5F17A000A805FB /* wawaTests */,
			);
		};
/* End PBXProject section */

/* Begin PBXResourcesBuildPhase section */
		6F3A6F351F5F17A000A805FB /* Resources */ = {
			isa = PBXResourcesBuildPhase;
			buildActionMask = 2147483647;
			files = (
				6F3A6FD81F64DA3B00A805FB /* bg@3x.png in Resources */,
				6F3A6FCE1F64D78600A805FB /* Test.html in Resources */,
				3BA9D07A1FB342B300598D8D /* AlipaySDK.bundle in Resources */,
				3B5521741FB1B66400508C58 /* WPackageTableViewCell.xib in Resources */,
				6FF582A91F70040200A68B6A /* zhua_left.png in Resources */,
				6FF582A81F70040200A68B6A /* zhua_down.png in Resources */,
				6F3A6FBC1F63D8D700A805FB /* border@2x.png in Resources */,
				6F3A6FDB1F64DA3B00A805FB /* rechargeBg@2x.png in Resources */,
				6FF582A61F70040200A68B6A /* controlbg.png in Resources */,
				6F3A6F4A1F5F17A000A805FB /* LaunchScreen.storyboard in Resources */,
				6F3A6FDA1F64DA3B00A805FB /* recharge@3x.png in Resources */,
				6F3A6F471F5F17A000A805FB /* Assets.xcassets in Resources */,
				6FF582AB1F70040200A68B6A /* zhua_up.png in Resources */,
				6FF582B01F700D4E00A68B6A /* WplayVIew.xib in Resources */,
				6F85D70E1F8255FD00A11DC2 /* WAccountLoginViewController.xib in Resources */,
				6F3A6FD71F64DA3B00A805FB /* bg@2x.png in Resources */,
				6F3A6FD91F64DA3B00A805FB /* recharge@2x.png in Resources */,
				6F3A6FDC1F64DA3B00A805FB /* rechargeBg@3x.png in Resources */,
				6FF582AA1F70040200A68B6A /* zhua_right.png in Resources */,
				6F3A6FC31F63DF4400A805FB /* back@3x.png in Resources */,
				6F3A6FBD1F63D8D700A805FB /* border@3x.png in Resources */,
				6F3A6F451F5F17A000A805FB /* Main.storyboard in Resources */,
				6F3A6FDE1F64DA3B00A805FB /* startBg@3x.png in Resources */,
				6FF582A71F70040200A68B6A /* ok.png in Resources */,
				6F3A6FDD1F64DA3B00A805FB /* startBg@2x.png in Resources */,
				6F3A6FBF1F63D8D700A805FB /* start@3x.png in Resources */,
				6F3A6FC21F63DF4400A805FB /* back@2x.png in Resources */,
				6F3A6FBE1F63D8D700A805FB /* start@2x.png in Resources */,
			);
			runOnlyForDeploymentPostprocessing = 0;
		};
		6F3A6F4E1F5F17A000A805FB /* Resources */ = {
			isa = PBXResourcesBuildPhase;
			buildActionMask = 2147483647;
			files = (
			);
			runOnlyForDeploymentPostprocessing = 0;
		};
/* End PBXResourcesBuildPhase section */

/* Begin PBXShellScriptBuildPhase section */
		47028FC8A08733D0BCCB4562 /* [CP] Embed Pods Frameworks */ = {
			isa = PBXShellScriptBuildPhase;
			buildActionMask = 2147483647;
			files = (
			);
			inputPaths = (
				"${SRCROOT}/Pods/Target Support Files/Pods-wawa/Pods-wawa-frameworks.sh",
				"${PODS_ROOT}/WilddogWebRTC/WebRTC.framework",
			);
			name = "[CP] Embed Pods Frameworks";
			outputPaths = (
				"${TARGET_BUILD_DIR}/${FRAMEWORKS_FOLDER_PATH}/WebRTC.framework",
			);
			runOnlyForDeploymentPostprocessing = 0;
			shellPath = /bin/sh;
			shellScript = "\"${SRCROOT}/Pods/Target Support Files/Pods-wawa/Pods-wawa-frameworks.sh\"\n";
			showEnvVarsInLog = 0;
		};
		C1D1A60B3FF3DD56752F0922 /* [CP] Check Pods Manifest.lock */ = {
			isa = PBXShellScriptBuildPhase;
			buildActionMask = 2147483647;
			files = (
			);
			inputPaths = (
				"${PODS_PODFILE_DIR_PATH}/Podfile.lock",
				"${PODS_ROOT}/Manifest.lock",
			);
			name = "[CP] Check Pods Manifest.lock";
			outputPaths = (
				"$(DERIVED_FILE_DIR)/Pods-wawa-checkManifestLockResult.txt",
			);
			runOnlyForDeploymentPostprocessing = 0;
			shellPath = /bin/sh;
			shellScript = "diff \"${PODS_PODFILE_DIR_PATH}/Podfile.lock\" \"${PODS_ROOT}/Manifest.lock\" > /dev/null\nif [ $? != 0 ] ; then\n    # print error to STDERR\n    echo \"error: The sandbox is not in sync with the Podfile.lock. Run 'pod install' or update your CocoaPods installation.\" >&2\n    exit 1\nfi\n# This output is used by Xcode 'outputs' to avoid re-running this script phase.\necho \"SUCCESS\" > \"${SCRIPT_OUTPUT_FILE_0}\"\n";
			showEnvVarsInLog = 0;
		};
		FE892819FB8D3AF3E5757EF5 /* [CP] Copy Pods Resources */ = {
			isa = PBXShellScriptBuildPhase;
			buildActionMask = 2147483647;
			files = (
			);
			inputPaths = (
			);
			name = "[CP] Copy Pods Resources";
			outputPaths = (
			);
			runOnlyForDeploymentPostprocessing = 0;
			shellPath = /bin/sh;
			shellScript = "\"${SRCROOT}/Pods/Target Support Files/Pods-wawa/Pods-wawa-resources.sh\"\n";
			showEnvVarsInLog = 0;
		};
/* End PBXShellScriptBuildPhase section */

/* Begin PBXSourcesBuildPhase section */
		6F3A6F331F5F17A000A805FB /* Sources */ = {
			isa = PBXSourcesBuildPhase;
			buildActionMask = 2147483647;
			files = (
				3BC3AD071FB1F21300CF5368 /* WilddoglistenerManager.m in Sources */,
				6F3A6F421F5F17A000A805FB /* ViewController.m in Sources */,
				3B55216F1FB1AB6000508C58 /* WRechargeView.m in Sources */,
				6F236C4E1F7944B200652CD6 /* WXLoginmanager.m in Sources */,
				6FF582AE1F700D3D00A68B6A /* WPlayView.m in Sources */,
				6F58F7E11F79583C0008347F /* BaseModel.m in Sources */,
				6F8D3EC91F823A9F00F1BE59 /* WProtocolViewController.m in Sources */,
				6F3A6F3F1F5F17A000A805FB /* AppDelegate.m in Sources */,
				6F3A6FA21F62F6E400A805FB /* WPlayerManager.m in Sources */,
				6F3A6FA91F62FE5000A805FB /* WMainViewController.m in Sources */,
				6F3A6F9C1F62F64500A805FB /* WLiveRoomViewController.m in Sources */,
				3BC3ACA61FB1EAC900CF5368 /* WXPayMaster.m in Sources */,
				6F58F7E41F795A440008347F /* WUser.m in Sources */,
				3B480BE41FB5542D001EA2B8 /* WCountDownView.m in Sources */,
				6F236C4B1F793D2000652CD6 /* WLoginViewController.m in Sources */,
				6FF582961F6E132900A68B6A /* HLColorSet.m in Sources */,
				6F85D70D1F8255FD00A11DC2 /* WAccountLoginViewController.m in Sources */,
				3BA9D07F1FB342B400598D8D /* openssl_wrapper.m in Sources */,
				6FF5829B1F6E1A2400A68B6A /* HLNetWorkingClient.m in Sources */,
				6FF582901F6E115400A68B6A /* HLReloadDataView.m in Sources */,
				3B5521731FB1B66400508C58 /* WPackageTableViewCell.m in Sources */,
				6F58F7E71F79F0D60008347F /* WebViewController.m in Sources */,
				6F9068801F81EC9600F8F816 /* WNaviLoginViewController.m in Sources */,
				6F3A6FB21F63D6CD00A805FB /* WFunctionViewController.m in Sources */,
				6F3A6F3C1F5F17A000A805FB /* main.m in Sources */,
				6F3A6F681F5F18D800A805FB /* UIView+SDExtension.m in Sources */,
				6FF5829F1F6E1C0600A68B6A /* WNetWorkClient.m in Sources */,
				6F3A6FCC1F6448B700A805FB /* BaseWebViewController.m in Sources */,
				6FC8CDCA1F84CD3C003ABB0D /* WilddogVideoManager.m in Sources */,
				6F3A6F9F1F62F65A00A805FB /* WPlayerViewController.m in Sources */,
				6FF5829C1F6E1A2400A68B6A /* HLResponseModel.m in Sources */,
				6FF582931F6E12CC00A68B6A /* UIColor+Category.m in Sources */,
				3BA9D07E1FB342B400598D8D /* APRSASigner.m in Sources */,
			);
			runOnlyForDeploymentPostprocessing = 0;
		};
		6F3A6F4C1F5F17A000A805FB /* Sources */ = {
			isa = PBXSourcesBuildPhase;
			buildActionMask = 2147483647;
			files = (
				6F3A6F551F5F17A000A805FB /* wawaTests.m in Sources */,
			);
			runOnlyForDeploymentPostprocessing = 0;
		};
/* End PBXSourcesBuildPhase section */

/* Begin PBXTargetDependency section */
		6F3A6F521F5F17A000A805FB /* PBXTargetDependency */ = {
			isa = PBXTargetDependency;
			target = 6F3A6F361F5F17A000A805FB /* wawa */;
			targetProxy = 6F3A6F511F5F17A000A805FB /* PBXContainerItemProxy */;
		};
/* End PBXTargetDependency section */

/* Begin PBXVariantGroup section */
		6F3A6F431F5F17A000A805FB /* Main.storyboard */ = {
			isa = PBXVariantGroup;
			children = (
				6F3A6F441F5F17A000A805FB /* Base */,
			);
			name = Main.storyboard;
			sourceTree = "<group>";
		};
		6F3A6F481F5F17A000A805FB /* LaunchScreen.storyboard */ = {
			isa = PBXVariantGroup;
			children = (
				6F3A6F491F5F17A000A805FB /* Base */,
			);
			name = LaunchScreen.storyboard;
			sourceTree = "<group>";
		};
/* End PBXVariantGroup section */

/* Begin XCBuildConfiguration section */
		6F3A6F571F5F17A000A805FB /* Debug */ = {
			isa = XCBuildConfiguration;
			buildSettings = {
				ALWAYS_SEARCH_USER_PATHS = NO;
				CLANG_ANALYZER_NONNULL = YES;
				CLANG_ANALYZER_NUMBER_OBJECT_CONVERSION = YES_AGGRESSIVE;
				CLANG_CXX_LANGUAGE_STANDARD = "gnu++0x";
				CLANG_CXX_LIBRARY = "libc++";
				CLANG_ENABLE_MODULES = YES;
				CLANG_ENABLE_OBJC_ARC = YES;
				CLANG_WARN_BLOCK_CAPTURE_AUTORELEASING = YES;
				CLANG_WARN_BOOL_CONVERSION = YES;
				CLANG_WARN_COMMA = YES;
				CLANG_WARN_CONSTANT_CONVERSION = YES;
				CLANG_WARN_DIRECT_OBJC_ISA_USAGE = YES_ERROR;
				CLANG_WARN_DOCUMENTATION_COMMENTS = YES;
				CLANG_WARN_EMPTY_BODY = YES;
				CLANG_WARN_ENUM_CONVERSION = YES;
				CLANG_WARN_INFINITE_RECURSION = YES;
				CLANG_WARN_INT_CONVERSION = YES;
				CLANG_WARN_NON_LITERAL_NULL_CONVERSION = YES;
				CLANG_WARN_OBJC_LITERAL_CONVERSION = YES;
				CLANG_WARN_OBJC_ROOT_CLASS = YES_ERROR;
				CLANG_WARN_RANGE_LOOP_ANALYSIS = YES;
				CLANG_WARN_STRICT_PROTOTYPES = YES;
				CLANG_WARN_SUSPICIOUS_MOVE = YES;
				CLANG_WARN_UNREACHABLE_CODE = YES;
				CLANG_WARN__DUPLICATE_METHOD_MATCH = YES;
				CODE_SIGN_IDENTITY = "iPhone Distribution";
				"CODE_SIGN_IDENTITY[sdk=iphoneos*]" = "iPhone Distribution";
				COPY_PHASE_STRIP = NO;
				DEBUG_INFORMATION_FORMAT = dwarf;
				ENABLE_STRICT_OBJC_MSGSEND = YES;
				ENABLE_TESTABILITY = YES;
				GCC_C_LANGUAGE_STANDARD = gnu99;
				GCC_DYNAMIC_NO_PIC = NO;
				GCC_NO_COMMON_BLOCKS = YES;
				GCC_OPTIMIZATION_LEVEL = 0;
				GCC_PREPROCESSOR_DEFINITIONS = (
					"DEBUG=1",
					"$(inherited)",
				);
				GCC_WARN_64_TO_32_BIT_CONVERSION = YES;
				GCC_WARN_ABOUT_RETURN_TYPE = YES_ERROR;
				GCC_WARN_UNDECLARED_SELECTOR = YES;
				GCC_WARN_UNINITIALIZED_AUTOS = YES_AGGRESSIVE;
				GCC_WARN_UNUSED_FUNCTION = YES;
				GCC_WARN_UNUSED_VARIABLE = YES;
				IPHONEOS_DEPLOYMENT_TARGET = 10.3;
				MTL_ENABLE_DEBUG_INFO = YES;
				ONLY_ACTIVE_ARCH = YES;
				PROVISIONING_PROFILE = "584f5f52-70db-4fd4-8cfe-a5f008fc36fb";
				SDKROOT = iphoneos;
				TARGETED_DEVICE_FAMILY = "1,2";
			};
			name = Debug;
		};
		6F3A6F581F5F17A000A805FB /* Release */ = {
			isa = XCBuildConfiguration;
			buildSettings = {
				ALWAYS_SEARCH_USER_PATHS = NO;
				CLANG_ANALYZER_NONNULL = YES;
				CLANG_ANALYZER_NUMBER_OBJECT_CONVERSION = YES_AGGRESSIVE;
				CLANG_CXX_LANGUAGE_STANDARD = "gnu++0x";
				CLANG_CXX_LIBRARY = "libc++";
				CLANG_ENABLE_MODULES = YES;
				CLANG_ENABLE_OBJC_ARC = YES;
				CLANG_WARN_BLOCK_CAPTURE_AUTORELEASING = YES;
				CLANG_WARN_BOOL_CONVERSION = YES;
				CLANG_WARN_COMMA = YES;
				CLANG_WARN_CONSTANT_CONVERSION = YES;
				CLANG_WARN_DIRECT_OBJC_ISA_USAGE = YES_ERROR;
				CLANG_WARN_DOCUMENTATION_COMMENTS = YES;
				CLANG_WARN_EMPTY_BODY = YES;
				CLANG_WARN_ENUM_CONVERSION = YES;
				CLANG_WARN_INFINITE_RECURSION = YES;
				CLANG_WARN_INT_CONVERSION = YES;
				CLANG_WARN_NON_LITERAL_NULL_CONVERSION = YES;
				CLANG_WARN_OBJC_LITERAL_CONVERSION = YES;
				CLANG_WARN_OBJC_ROOT_CLASS = YES_ERROR;
				CLANG_WARN_RANGE_LOOP_ANALYSIS = YES;
				CLANG_WARN_STRICT_PROTOTYPES = YES;
				CLANG_WARN_SUSPICIOUS_MOVE = YES;
				CLANG_WARN_UNREACHABLE_CODE = YES;
				CLANG_WARN__DUPLICATE_METHOD_MATCH = YES;
				CODE_SIGN_IDENTITY = "iPhone Distribution";
				"CODE_SIGN_IDENTITY[sdk=iphoneos*]" = "iPhone Distribution";
				COPY_PHASE_STRIP = NO;
				DEBUG_INFORMATION_FORMAT = "dwarf-with-dsym";
				ENABLE_NS_ASSERTIONS = NO;
				ENABLE_STRICT_OBJC_MSGSEND = YES;
				GCC_C_LANGUAGE_STANDARD = gnu99;
				GCC_NO_COMMON_BLOCKS = YES;
				GCC_WARN_64_TO_32_BIT_CONVERSION = YES;
				GCC_WARN_ABOUT_RETURN_TYPE = YES_ERROR;
				GCC_WARN_UNDECLARED_SELECTOR = YES;
				GCC_WARN_UNINITIALIZED_AUTOS = YES_AGGRESSIVE;
				GCC_WARN_UNUSED_FUNCTION = YES;
				GCC_WARN_UNUSED_VARIABLE = YES;
				IPHONEOS_DEPLOYMENT_TARGET = 10.3;
				MTL_ENABLE_DEBUG_INFO = NO;
				PROVISIONING_PROFILE = "584f5f52-70db-4fd4-8cfe-a5f008fc36fb";
				SDKROOT = iphoneos;
				TARGETED_DEVICE_FAMILY = "1,2";
				VALIDATE_PRODUCT = YES;
			};
			name = Release;
		};
		6F3A6F5A1F5F17A000A805FB /* Debug */ = {
			isa = XCBuildConfiguration;
			baseConfigurationReference = A1E69A7BD7865441EDC1ADE7 /* Pods-wawa.debug.xcconfig */;
			buildSettings = {
				ASSETCATALOG_COMPILER_APPICON_NAME = AppIcon;
				CODE_SIGN_IDENTITY = "iPhone Distribution: Jianchao Fu (RFU8BYG784)";
				"CODE_SIGN_IDENTITY[sdk=iphoneos*]" = "iPhone Developer";
				CODE_SIGN_STYLE = Automatic;
				DEVELOPMENT_TEAM = ZACBQ54XUE;
				ENABLE_BITCODE = NO;
				FRAMEWORK_SEARCH_PATHS = (
					"$(inherited)",
					"$(PROJECT_DIR)/wawa/ThirdPartyLibraries/TXLiveSDK",
					"$(PROJECT_DIR)/wawa/ThirdPartyLibraries/ILiveSDK",
					"$(PROJECT_DIR)/wawa/ThirdPartyLibraries/IMSDK",
					"$(PROJECT_DIR)/wawa/ThirdPartyLibraries/AlipaySDK/SDK",
				);
				GCC_PRECOMPILE_PREFIX_HEADER = YES;
				GCC_PREFIX_HEADER = wawa/PrefixHeader.pch;
				HEADER_SEARCH_PATHS = (
					"$(inherited)",
					"${PODS_ROOT}/Wilddog/Wilddog/Sources",
					"$(inherited)",
					"\"${PODS_ROOT}/Headers/Public\"",
					"\"${PODS_ROOT}/Headers/Public/AFNetworking\"",
					"\"${PODS_ROOT}/Headers/Public/Reachability\"",
					"\"${PODS_ROOT}/Headers/Public/Toast\"",
					"\"${PODS_ROOT}/Headers/Public/WebViewJavascriptBridge\"",
					"\"${PODS_ROOT}/Headers/Public/Wilddog\"",
					"\"${PODS_ROOT}/Headers/Public/WilddogAuth\"",
					"\"${PODS_ROOT}/Headers/Public/WilddogCore\"",
					"\"${PODS_ROOT}/Headers/Public/WilddogSync\"",
					"\"${PODS_ROOT}/Headers/Public/WilddogVideo\"",
					"\"${PODS_ROOT}/Headers/Public/WilddogVideoBase\"",
					"\"${PODS_ROOT}/Headers/Public/WilddogWebRTC\"",
					"$(PROJECT_DIR)/wawa/ThirdPartyLibraries/AlipaySDK/SDK",
				);
				INFOPLIST_FILE = wawa/Info.plist;
				IPHONEOS_DEPLOYMENT_TARGET = 8.0;
				LD_RUNPATH_SEARCH_PATHS = "$(inherited) @executable_path/Frameworks";
				LIBRARY_SEARCH_PATHS = (
					"$(inherited)",
					"$(PROJECT_DIR)/wawa/ThirdPartyLibraries/OpenSDK1.8.0",
					"$(PROJECT_DIR)/wawa/ThirdPartyLibraries/AlipaySDK/SDK",
				);
				PRODUCT_BUNDLE_IDENTIFIER = cn.legendream.wawa;
				PRODUCT_NAME = "$(TARGET_NAME)";
				PROVISIONING_PROFILE = "";
				PROVISIONING_PROFILE_SPECIFIER = "";
				TARGETED_DEVICE_FAMILY = 1;
			};
			name = Debug;
		};
		6F3A6F5B1F5F17A000A805FB /* Release */ = {
			isa = XCBuildConfiguration;
			baseConfigurationReference = 54B0F750E7C41712D468CFD8 /* Pods-wawa.release.xcconfig */;
			buildSettings = {
				ASSETCATALOG_COMPILER_APPICON_NAME = AppIcon;
				CODE_SIGN_IDENTITY = "iPhone Distribution: Jianchao Fu (RFU8BYG784)";
				"CODE_SIGN_IDENTITY[sdk=iphoneos*]" = "iPhone Developer";
				CODE_SIGN_STYLE = Automatic;
				DEVELOPMENT_TEAM = ZACBQ54XUE;
				ENABLE_BITCODE = NO;
				FRAMEWORK_SEARCH_PATHS = (
					"$(inherited)",
					"$(PROJECT_DIR)/wawa/ThirdPartyLibraries/TXLiveSDK",
					"$(PROJECT_DIR)/wawa/ThirdPartyLibraries/ILiveSDK",
					"$(PROJECT_DIR)/wawa/ThirdPartyLibraries/IMSDK",
					"$(PROJECT_DIR)/wawa/ThirdPartyLibraries/AlipaySDK/SDK",
				);
				GCC_PRECOMPILE_PREFIX_HEADER = YES;
				GCC_PREFIX_HEADER = wawa/PrefixHeader.pch;
				HEADER_SEARCH_PATHS = (
					"$(inherited)",
					"${PODS_ROOT}/Wilddog/Wilddog/Sources",
					"$(inherited)",
					"\"${PODS_ROOT}/Headers/Public\"",
					"\"${PODS_ROOT}/Headers/Public/AFNetworking\"",
					"\"${PODS_ROOT}/Headers/Public/Reachability\"",
					"\"${PODS_ROOT}/Headers/Public/Toast\"",
					"\"${PODS_ROOT}/Headers/Public/WebViewJavascriptBridge\"",
					"\"${PODS_ROOT}/Headers/Public/Wilddog\"",
					"\"${PODS_ROOT}/Headers/Public/WilddogAuth\"",
					"\"${PODS_ROOT}/Headers/Public/WilddogCore\"",
					"\"${PODS_ROOT}/Headers/Public/WilddogSync\"",
					"\"${PODS_ROOT}/Headers/Public/WilddogVideo\"",
					"\"${PODS_ROOT}/Headers/Public/WilddogVideoBase\"",
					"\"${PODS_ROOT}/Headers/Public/WilddogWebRTC\"",
					"$(PROJECT_DIR)/wawa/ThirdPartyLibraries/AlipaySDK/SDK",
				);
				INFOPLIST_FILE = wawa/Info.plist;
				IPHONEOS_DEPLOYMENT_TARGET = 8.0;
				LD_RUNPATH_SEARCH_PATHS = "$(inherited) @executable_path/Frameworks";
				LIBRARY_SEARCH_PATHS = (
					"$(inherited)",
					"$(PROJECT_DIR)/wawa/ThirdPartyLibraries/OpenSDK1.8.0",
					"$(PROJECT_DIR)/wawa/ThirdPartyLibraries/AlipaySDK/SDK",
				);
				PRODUCT_BUNDLE_IDENTIFIER = cn.legendream.wawa;
				PRODUCT_NAME = "$(TARGET_NAME)";
				PROVISIONING_PROFILE = "";
				PROVISIONING_PROFILE_SPECIFIER = "";
				TARGETED_DEVICE_FAMILY = 1;
			};
			name = Release;
		};
		6F3A6F5D1F5F17A000A805FB /* Debug */ = {
			isa = XCBuildConfiguration;
			buildSettings = {
				BUNDLE_LOADER = "$(TEST_HOST)";
				INFOPLIST_FILE = wawaTests/Info.plist;
				LD_RUNPATH_SEARCH_PATHS = "$(inherited) @executable_path/Frameworks @loader_path/Frameworks";
				PRODUCT_BUNDLE_IDENTIFIER = com.legendream.wawaTests;
				PRODUCT_NAME = "$(TARGET_NAME)";
				TEST_HOST = "$(BUILT_PRODUCTS_DIR)/wawa.app/wawa";
			};
			name = Debug;
		};
		6F3A6F5E1F5F17A000A805FB /* Release */ = {
			isa = XCBuildConfiguration;
			buildSettings = {
				BUNDLE_LOADER = "$(TEST_HOST)";
				INFOPLIST_FILE = wawaTests/Info.plist;
				LD_RUNPATH_SEARCH_PATHS = "$(inherited) @executable_path/Frameworks @loader_path/Frameworks";
				PRODUCT_BUNDLE_IDENTIFIER = com.legendream.wawaTests;
				PRODUCT_NAME = "$(TARGET_NAME)";
				TEST_HOST = "$(BUILT_PRODUCTS_DIR)/wawa.app/wawa";
			};
			name = Release;
		};
/* End XCBuildConfiguration section */

/* Begin XCConfigurationList section */
		6F3A6F321F5F17A000A805FB /* Build configuration list for PBXProject "wawa" */ = {
			isa = XCConfigurationList;
			buildConfigurations = (
				6F3A6F571F5F17A000A805FB /* Debug */,
				6F3A6F581F5F17A000A805FB /* Release */,
			);
			defaultConfigurationIsVisible = 0;
			defaultConfigurationName = Release;
		};
		6F3A6F591F5F17A000A805FB /* Build configuration list for PBXNativeTarget "wawa" */ = {
			isa = XCConfigurationList;
			buildConfigurations = (
				6F3A6F5A1F5F17A000A805FB /* Debug */,
				6F3A6F5B1F5F17A000A805FB /* Release */,
			);
			defaultConfigurationIsVisible = 0;
			defaultConfigurationName = Release;
		};
		6F3A6F5C1F5F17A000A805FB /* Build configuration list for PBXNativeTarget "wawaTests" */ = {
			isa = XCConfigurationList;
			buildConfigurations = (
				6F3A6F5D1F5F17A000A805FB /* Debug */,
				6F3A6F5E1F5F17A000A805FB /* Release */,
			);
			defaultConfigurationIsVisible = 0;
			defaultConfigurationName = Release;
		};
/* End XCConfigurationList section */
	};
	rootObject = 6F3A6F2F1F5F17A000A805FB /* Project object */;
}
