// !$*UTF8*$!
{
	archiveVersion = 1;
	classes = {
	};
	objectVersion = 46;
	objects = {

/* Begin PBXBuildFile section */
		154703AC742799E1286E9978 /* libPods-wawa.a in Frameworks */ = {isa = PBXBuildFile; fileRef = 42F5B37EAF63675639584096 /* libPods-wawa.a */; };
		6F3A6F3C1F5F17A000A805FB /* main.m in Sources */ = {isa = PBXBuildFile; fileRef = 6F3A6F3B1F5F17A000A805FB /* main.m */; };
		6F3A6F3F1F5F17A000A805FB /* AppDelegate.m in Sources */ = {isa = PBXBuildFile; fileRef = 6F3A6F3E1F5F17A000A805FB /* AppDelegate.m */; };
		6F3A6F421F5F17A000A805FB /* ViewController.m in Sources */ = {isa = PBXBuildFile; fileRef = 6F3A6F411F5F17A000A805FB /* ViewController.m */; };
		6F3A6F451F5F17A000A805FB /* Main.storyboard in Resources */ = {isa = PBXBuildFile; fileRef = 6F3A6F431F5F17A000A805FB /* Main.storyboard */; };
		6F3A6F471F5F17A000A805FB /* Assets.xcassets in Resources */ = {isa = PBXBuildFile; fileRef = 6F3A6F461F5F17A000A805FB /* Assets.xcassets */; };
		6F3A6F4A1F5F17A000A805FB /* LaunchScreen.storyboard in Resources */ = {isa = PBXBuildFile; fileRef = 6F3A6F481F5F17A000A805FB /* LaunchScreen.storyboard */; };
		6F3A6F551F5F17A000A805FB /* wawaTests.m in Sources */ = {isa = PBXBuildFile; fileRef = 6F3A6F541F5F17A000A805FB /* wawaTests.m */; };
		6F3A6F681F5F18D800A805FB /* UIView+SDExtension.m in Sources */ = {isa = PBXBuildFile; fileRef = 6F3A6F611F5F18D800A805FB /* UIView+SDExtension.m */; };
/* End PBXBuildFile section */

/* Begin PBXContainerItemProxy section */
		6F3A6F511F5F17A000A805FB /* PBXContainerItemProxy */ = {
			isa = PBXContainerItemProxy;
			containerPortal = 6F3A6F2F1F5F17A000A805FB /* Project object */;
			proxyType = 1;
			remoteGlobalIDString = 6F3A6F361F5F17A000A805FB;
			remoteInfo = wawa;
		};
/* End PBXContainerItemProxy section */

/* Begin PBXFileReference section */
		42F5B37EAF63675639584096 /* libPods-wawa.a */ = {isa = PBXFileReference; explicitFileType = archive.ar; includeInIndex = 0; path = "libPods-wawa.a"; sourceTree = BUILT_PRODUCTS_DIR; };
		54B0F750E7C41712D468CFD8 /* Pods-wawa.release.xcconfig */ = {isa = PBXFileReference; includeInIndex = 1; lastKnownFileType = text.xcconfig; name = "Pods-wawa.release.xcconfig"; path = "Pods/Target Support Files/Pods-wawa/Pods-wawa.release.xcconfig"; sourceTree = "<group>"; };
		6F3A6F371F5F17A000A805FB /* wawa.app */ = {isa = PBXFileReference; explicitFileType = wrapper.application; includeInIndex = 0; path = wawa.app; sourceTree = BUILT_PRODUCTS_DIR; };
		6F3A6F3B1F5F17A000A805FB /* main.m */ = {isa = PBXFileReference; lastKnownFileType = sourcecode.c.objc; path = main.m; sourceTree = "<group>"; };
		6F3A6F3D1F5F17A000A805FB /* AppDelegate.h */ = {isa = PBXFileReference; lastKnownFileType = sourcecode.c.h; path = AppDelegate.h; sourceTree = "<group>"; };
		6F3A6F3E1F5F17A000A805FB /* AppDelegate.m */ = {isa = PBXFileReference; lastKnownFileType = sourcecode.c.objc; path = AppDelegate.m; sourceTree = "<group>"; };
		6F3A6F401F5F17A000A805FB /* ViewController.h */ = {isa = PBXFileReference; lastKnownFileType = sourcecode.c.h; path = ViewController.h; sourceTree = "<group>"; };
		6F3A6F411F5F17A000A805FB /* ViewController.m */ = {isa = PBXFileReference; lastKnownFileType = sourcecode.c.objc; path = ViewController.m; sourceTree = "<group>"; };
		6F3A6F441F5F17A000A805FB /* Base */ = {isa = PBXFileReference; lastKnownFileType = file.storyboard; name = Base; path = Base.lproj/Main.storyboard; sourceTree = "<group>"; };
		6F3A6F461F5F17A000A805FB /* Assets.xcassets */ = {isa = PBXFileReference; lastKnownFileType = folder.assetcatalog; path = Assets.xcassets; sourceTree = "<group>"; };
		6F3A6F491F5F17A000A805FB /* Base */ = {isa = PBXFileReference; lastKnownFileType = file.storyboard; name = Base; path = Base.lproj/LaunchScreen.storyboard; sourceTree = "<group>"; };
		6F3A6F4B1F5F17A000A805FB /* Info.plist */ = {isa = PBXFileReference; lastKnownFileType = text.plist.xml; path = Info.plist; sourceTree = "<group>"; };
		6F3A6F501F5F17A000A805FB /* wawaTests.xctest */ = {isa = PBXFileReference; explicitFileType = wrapper.cfbundle; includeInIndex = 0; path = wawaTests.xctest; sourceTree = BUILT_PRODUCTS_DIR; };
		6F3A6F541F5F17A000A805FB /* wawaTests.m */ = {isa = PBXFileReference; lastKnownFileType = sourcecode.c.objc; path = wawaTests.m; sourceTree = "<group>"; };
		6F3A6F561F5F17A000A805FB /* Info.plist */ = {isa = PBXFileReference; lastKnownFileType = text.plist.xml; path = Info.plist; sourceTree = "<group>"; };
		6F3A6F601F5F18D800A805FB /* UIView+SDExtension.h */ = {isa = PBXFileReference; fileEncoding = 4; lastKnownFileType = sourcecode.c.h; path = "UIView+SDExtension.h"; sourceTree = "<group>"; };
		6F3A6F611F5F18D800A805FB /* UIView+SDExtension.m */ = {isa = PBXFileReference; fileEncoding = 4; lastKnownFileType = sourcecode.c.objc; path = "UIView+SDExtension.m"; sourceTree = "<group>"; };
		6F3A6F631F5F18D800A805FB /* WConst.h */ = {isa = PBXFileReference; fileEncoding = 4; lastKnownFileType = sourcecode.c.h; path = WConst.h; sourceTree = "<group>"; };
		A1E69A7BD7865441EDC1ADE7 /* Pods-wawa.debug.xcconfig */ = {isa = PBXFileReference; includeInIndex = 1; lastKnownFileType = text.xcconfig; name = "Pods-wawa.debug.xcconfig"; path = "Pods/Target Support Files/Pods-wawa/Pods-wawa.debug.xcconfig"; sourceTree = "<group>"; };
/* End PBXFileReference section */

/* Begin PBXFrameworksBuildPhase section */
		6F3A6F341F5F17A000A805FB /* Frameworks */ = {
			isa = PBXFrameworksBuildPhase;
			buildActionMask = 2147483647;
			files = (
				154703AC742799E1286E9978 /* libPods-wawa.a in Frameworks */,
			);
			runOnlyForDeploymentPostprocessing = 0;
		};
		6F3A6F4D1F5F17A000A805FB /* Frameworks */ = {
			isa = PBXFrameworksBuildPhase;
			buildActionMask = 2147483647;
			files = (
			);
			runOnlyForDeploymentPostprocessing = 0;
		};
/* End PBXFrameworksBuildPhase section */

/* Begin PBXGroup section */
		6F3A6F2E1F5F17A000A805FB = {
			isa = PBXGroup;
			children = (
				6F3A6F391F5F17A000A805FB /* wawa */,
				6F3A6F531F5F17A000A805FB /* wawaTests */,
				6F3A6F381F5F17A000A805FB /* Products */,
				C88FEACF9B0B76DA047E6EDE /* Pods */,
				FCDDB63A865D04B116AB72BB /* Frameworks */,
			);
			sourceTree = "<group>";
		};
		6F3A6F381F5F17A000A805FB /* Products */ = {
			isa = PBXGroup;
			children = (
				6F3A6F371F5F17A000A805FB /* wawa.app */,
				6F3A6F501F5F17A000A805FB /* wawaTests.xctest */,
			);
			name = Products;
			sourceTree = "<group>";
		};
		6F3A6F391F5F17A000A805FB /* wawa */ = {
			isa = PBXGroup;
			children = (
				6F3A6F5F1F5F18D800A805FB /* Category */,
				6F3A6F621F5F18D800A805FB /* ConstantDefine */,
				6F3A6F641F5F18D800A805FB /* Main */,
				6F3A6F651F5F18D800A805FB /* Manager */,
				6F3A6F661F5F18D800A805FB /* NetWork */,
				6F3A6F671F5F18D800A805FB /* ResourceFile */,
				6F3A6F3D1F5F17A000A805FB /* AppDelegate.h */,
				6F3A6F3E1F5F17A000A805FB /* AppDelegate.m */,
				6F3A6F461F5F17A000A805FB /* Assets.xcassets */,
				6F3A6F3A1F5F17A000A805FB /* Supporting Files */,
			);
			path = wawa;
			sourceTree = "<group>";
		};
		6F3A6F3A1F5F17A000A805FB /* Supporting Files */ = {
			isa = PBXGroup;
			children = (
				6F3A6F401F5F17A000A805FB /* ViewController.h */,
				6F3A6F411F5F17A000A805FB /* ViewController.m */,
				6F3A6F431F5F17A000A805FB /* Main.storyboard */,
				6F3A6F481F5F17A000A805FB /* LaunchScreen.storyboard */,
				6F3A6F4B1F5F17A000A805FB /* Info.plist */,
				6F3A6F3B1F5F17A000A805FB /* main.m */,
			);
			name = "Supporting Files";
			sourceTree = "<group>";
		};
		6F3A6F531F5F17A000A805FB /* wawaTests */ = {
			isa = PBXGroup;
			children = (
				6F3A6F541F5F17A000A805FB /* wawaTests.m */,
				6F3A6F561F5F17A000A805FB /* Info.plist */,
			);
			path = wawaTests;
			sourceTree = "<group>";
		};
		6F3A6F5F1F5F18D800A805FB /* Category */ = {
			isa = PBXGroup;
			children = (
				6F3A6F601F5F18D800A805FB /* UIView+SDExtension.h */,
				6F3A6F611F5F18D800A805FB /* UIView+SDExtension.m */,
			);
			path = Category;
			sourceTree = "<group>";
		};
		6F3A6F621F5F18D800A805FB /* ConstantDefine */ = {
			isa = PBXGroup;
			children = (
				6F3A6F631F5F18D800A805FB /* WConst.h */,
			);
			path = ConstantDefine;
			sourceTree = "<group>";
		};
		6F3A6F641F5F18D800A805FB /* Main */ = {
			isa = PBXGroup;
			children = (
			);
			path = Main;
			sourceTree = "<group>";
		};
		6F3A6F651F5F18D800A805FB /* Manager */ = {
			isa = PBXGroup;
			children = (
			);
			path = Manager;
			sourceTree = "<group>";
		};
		6F3A6F661F5F18D800A805FB /* NetWork */ = {
			isa = PBXGroup;
			children = (
			);
			path = NetWork;
			sourceTree = "<group>";
		};
		6F3A6F671F5F18D800A805FB /* ResourceFile */ = {
			isa = PBXGroup;
			children = (
			);
			path = ResourceFile;
			sourceTree = "<group>";
		};
		C88FEACF9B0B76DA047E6EDE /* Pods */ = {
			isa = PBXGroup;
			children = (
				A1E69A7BD7865441EDC1ADE7 /* Pods-wawa.debug.xcconfig */,
				54B0F750E7C41712D468CFD8 /* Pods-wawa.release.xcconfig */,
			);
			name = Pods;
			sourceTree = "<group>";
		};
		FCDDB63A865D04B116AB72BB /* Frameworks */ = {
			isa = PBXGroup;
			children = (
				42F5B37EAF63675639584096 /* libPods-wawa.a */,
			);
			name = Frameworks;
			sourceTree = "<group>";
		};
/* End PBXGroup section */

/* Begin PBXNativeTarget section */
		6F3A6F361F5F17A000A805FB /* wawa */ = {
			isa = PBXNativeTarget;
			buildConfigurationList = 6F3A6F591F5F17A000A805FB /* Build configuration list for PBXNativeTarget "wawa" */;
			buildPhases = (
				C1D1A60B3FF3DD56752F0922 /* [CP] Check Pods Manifest.lock */,
				6F3A6F331F5F17A000A805FB /* Sources */,
				6F3A6F341F5F17A000A805FB /* Frameworks */,
				6F3A6F351F5F17A000A805FB /* Resources */,
				47028FC8A08733D0BCCB4562 /* [CP] Embed Pods Frameworks */,
				FE892819FB8D3AF3E5757EF5 /* [CP] Copy Pods Resources */,
			);
			buildRules = (
			);
			dependencies = (
			);
			name = wawa;
			productName = wawa;
			productReference = 6F3A6F371F5F17A000A805FB /* wawa.app */;
			productType = "com.apple.product-type.application";
		};
		6F3A6F4F1F5F17A000A805FB /* wawaTests */ = {
			isa = PBXNativeTarget;
			buildConfigurationList = 6F3A6F5C1F5F17A000A805FB /* Build configuration list for PBXNativeTarget "wawaTests" */;
			buildPhases = (
				6F3A6F4C1F5F17A000A805FB /* Sources */,
				6F3A6F4D1F5F17A000A805FB /* Frameworks */,
				6F3A6F4E1F5F17A000A805FB /* Resources */,
			);
			buildRules = (
			);
			dependencies = (
				6F3A6F521F5F17A000A805FB /* PBXTargetDependency */,
			);
			name = wawaTests;
			productName = wawaTests;
			productReference = 6F3A6F501F5F17A000A805FB /* wawaTests.xctest */;
			productType = "com.apple.product-type.bundle.unit-test";
		};
/* End PBXNativeTarget section */

/* Begin PBXProject section */
		6F3A6F2F1F5F17A000A805FB /* Project object */ = {
			isa = PBXProject;
			attributes = {
				LastUpgradeCheck = 0830;
				ORGANIZATIONNAME = legendream;
				TargetAttributes = {
					6F3A6F361F5F17A000A805FB = {
						CreatedOnToolsVersion = 8.3.2;
						DevelopmentTeam = 9LZL6996FC;
						ProvisioningStyle = Automatic;
					};
					6F3A6F4F1F5F17A000A805FB = {
						CreatedOnToolsVersion = 8.3.2;
						ProvisioningStyle = Automatic;
						TestTargetID = 6F3A6F361F5F17A000A805FB;
					};
				};
			};
			buildConfigurationList = 6F3A6F321F5F17A000A805FB /* Build configuration list for PBXProject "wawa" */;
			compatibilityVersion = "Xcode 3.2";
			developmentRegion = English;
			hasScannedForEncodings = 0;
			knownRegions = (
				en,
				Base,
			);
			mainGroup = 6F3A6F2E1F5F17A000A805FB;
			productRefGroup = 6F3A6F381F5F17A000A805FB /* Products */;
			projectDirPath = "";
			projectRoot = "";
			targets = (
				6F3A6F361F5F17A000A805FB /* wawa */,
				6F3A6F4F1F5F17A000A805FB /* wawaTests */,
			);
		};
/* End PBXProject section */

/* Begin PBXResourcesBuildPhase section */
		6F3A6F351F5F17A000A805FB /* Resources */ = {
			isa = PBXResourcesBuildPhase;
			buildActionMask = 2147483647;
			files = (
				6F3A6F4A1F5F17A000A805FB /* LaunchScreen.storyboard in Resources */,
				6F3A6F471F5F17A000A805FB /* Assets.xcassets in Resources */,
				6F3A6F451F5F17A000A805FB /* Main.storyboard in Resources */,
			);
			runOnlyForDeploymentPostprocessing = 0;
		};
		6F3A6F4E1F5F17A000A805FB /* Resources */ = {
			isa = PBXResourcesBuildPhase;
			buildActionMask = 2147483647;
			files = (
			);
			runOnlyForDeploymentPostprocessing = 0;
		};
/* End PBXResourcesBuildPhase section */

/* Begin PBXShellScriptBuildPhase section */
		47028FC8A08733D0BCCB4562 /* [CP] Embed Pods Frameworks */ = {
			isa = PBXShellScriptBuildPhase;
			buildActionMask = 2147483647;
			files = (
			);
			inputPaths = (
			);
			name = "[CP] Embed Pods Frameworks";
			outputPaths = (
			);
			runOnlyForDeploymentPostprocessing = 0;
			shellPath = /bin/sh;
			shellScript = "\"${SRCROOT}/Pods/Target Support Files/Pods-wawa/Pods-wawa-frameworks.sh\"\n";
			showEnvVarsInLog = 0;
		};
		C1D1A60B3FF3DD56752F0922 /* [CP] Check Pods Manifest.lock */ = {
			isa = PBXShellScriptBuildPhase;
			buildActionMask = 2147483647;
			files = (
			);
			inputPaths = (
				"${PODS_PODFILE_DIR_PATH}/Podfile.lock",
				"${PODS_ROOT}/Manifest.lock",
			);
			name = "[CP] Check Pods Manifest.lock";
			outputPaths = (
				"$(DERIVED_FILE_DIR)/Pods-wawa-checkManifestLockResult.txt",
			);
			runOnlyForDeploymentPostprocessing = 0;
			shellPath = /bin/sh;
			shellScript = "diff \"${PODS_PODFILE_DIR_PATH}/Podfile.lock\" \"${PODS_ROOT}/Manifest.lock\" > /dev/null\nif [ $? != 0 ] ; then\n    # print error to STDERR\n    echo \"error: The sandbox is not in sync with the Podfile.lock. Run 'pod install' or update your CocoaPods installation.\" >&2\n    exit 1\nfi\n# This output is used by Xcode 'outputs' to avoid re-running this script phase.\necho \"SUCCESS\" > \"${SCRIPT_OUTPUT_FILE_0}\"\n";
			showEnvVarsInLog = 0;
		};
		FE892819FB8D3AF3E5757EF5 /* [CP] Copy Pods Resources */ = {
			isa = PBXShellScriptBuildPhase;
			buildActionMask = 2147483647;
			files = (
			);
			inputPaths = (
			);
			name = "[CP] Copy Pods Resources";
			outputPaths = (
			);
			runOnlyForDeploymentPostprocessing = 0;
			shellPath = /bin/sh;
			shellScript = "\"${SRCROOT}/Pods/Target Support Files/Pods-wawa/Pods-wawa-resources.sh\"\n";
			showEnvVarsInLog = 0;
		};
/* End PBXShellScriptBuildPhase section */

/* Begin PBXSourcesBuildPhase section */
		6F3A6F331F5F17A000A805FB /* Sources */ = {
			isa = PBXSourcesBuildPhase;
			buildActionMask = 2147483647;
			files = (
				6F3A6F421F5F17A000A805FB /* ViewController.m in Sources */,
				6F3A6F3F1F5F17A000A805FB /* AppDelegate.m in Sources */,
				6F3A6F3C1F5F17A000A805FB /* main.m in Sources */,
				6F3A6F681F5F18D800A805FB /* UIView+SDExtension.m in Sources */,
			);
			runOnlyForDeploymentPostprocessing = 0;
		};
		6F3A6F4C1F5F17A000A805FB /* Sources */ = {
			isa = PBXSourcesBuildPhase;
			buildActionMask = 2147483647;
			files = (
				6F3A6F551F5F17A000A805FB /* wawaTests.m in Sources */,
			);
			runOnlyForDeploymentPostprocessing = 0;
		};
/* End PBXSourcesBuildPhase section */

/* Begin PBXTargetDependency section */
		6F3A6F521F5F17A000A805FB /* PBXTargetDependency */ = {
			isa = PBXTargetDependency;
			target = 6F3A6F361F5F17A000A805FB /* wawa */;
			targetProxy = 6F3A6F511F5F17A000A805FB /* PBXContainerItemProxy */;
		};
/* End PBXTargetDependency section */

/* Begin PBXVariantGroup section */
		6F3A6F431F5F17A000A805FB /* Main.storyboard */ = {
			isa = PBXVariantGroup;
			children = (
				6F3A6F441F5F17A000A805FB /* Base */,
			);
			name = Main.storyboard;
			sourceTree = "<group>";
		};
		6F3A6F481F5F17A000A805FB /* LaunchScreen.storyboard */ = {
			isa = PBXVariantGroup;
			children = (
				6F3A6F491F5F17A000A805FB /* Base */,
			);
			name = LaunchScreen.storyboard;
			sourceTree = "<group>";
		};
/* End PBXVariantGroup section */

/* Begin XCBuildConfiguration section */
		6F3A6F571F5F17A000A805FB /* Debug */ = {
			isa = XCBuildConfiguration;
			buildSettings = {
				ALWAYS_SEARCH_USER_PATHS = NO;
				CLANG_ANALYZER_NONNULL = YES;
				CLANG_ANALYZER_NUMBER_OBJECT_CONVERSION = YES_AGGRESSIVE;
				CLANG_CXX_LANGUAGE_STANDARD = "gnu++0x";
				CLANG_CXX_LIBRARY = "libc++";
				CLANG_ENABLE_MODULES = YES;
				CLANG_ENABLE_OBJC_ARC = YES;
				CLANG_WARN_BOOL_CONVERSION = YES;
				CLANG_WARN_CONSTANT_CONVERSION = YES;
				CLANG_WARN_DIRECT_OBJC_ISA_USAGE = YES_ERROR;
				CLANG_WARN_DOCUMENTATION_COMMENTS = YES;
				CLANG_WARN_EMPTY_BODY = YES;
				CLANG_WARN_ENUM_CONVERSION = YES;
				CLANG_WARN_INFINITE_RECURSION = YES;
				CLANG_WARN_INT_CONVERSION = YES;
				CLANG_WARN_OBJC_ROOT_CLASS = YES_ERROR;
				CLANG_WARN_SUSPICIOUS_MOVE = YES;
				CLANG_WARN_UNREACHABLE_CODE = YES;
				CLANG_WARN__DUPLICATE_METHOD_MATCH = YES;
				"CODE_SIGN_IDENTITY[sdk=iphoneos*]" = "iPhone Developer";
				COPY_PHASE_STRIP = NO;
				DEBUG_INFORMATION_FORMAT = dwarf;
				ENABLE_STRICT_OBJC_MSGSEND = YES;
				ENABLE_TESTABILITY = YES;
				GCC_C_LANGUAGE_STANDARD = gnu99;
				GCC_DYNAMIC_NO_PIC = NO;
				GCC_NO_COMMON_BLOCKS = YES;
				GCC_OPTIMIZATION_LEVEL = 0;
				GCC_PREPROCESSOR_DEFINITIONS = (
					"DEBUG=1",
					"$(inherited)",
				);
				GCC_WARN_64_TO_32_BIT_CONVERSION = YES;
				GCC_WARN_ABOUT_RETURN_TYPE = YES_ERROR;
				GCC_WARN_UNDECLARED_SELECTOR = YES;
				GCC_WARN_UNINITIALIZED_AUTOS = YES_AGGRESSIVE;
				GCC_WARN_UNUSED_FUNCTION = YES;
				GCC_WARN_UNUSED_VARIABLE = YES;
				IPHONEOS_DEPLOYMENT_TARGET = 10.3;
				MTL_ENABLE_DEBUG_INFO = YES;
				ONLY_ACTIVE_ARCH = YES;
				SDKROOT = iphoneos;
				TARGETED_DEVICE_FAMILY = "1,2";
			};
			name = Debug;
		};
		6F3A6F581F5F17A000A805FB /* Release */ = {
			isa = XCBuildConfiguration;
			buildSettings = {
				ALWAYS_SEARCH_USER_PATHS = NO;
				CLANG_ANALYZER_NONNULL = YES;
				CLANG_ANALYZER_NUMBER_OBJECT_CONVERSION = YES_AGGRESSIVE;
				CLANG_CXX_LANGUAGE_STANDARD = "gnu++0x";
				CLANG_CXX_LIBRARY = "libc++";
				CLANG_ENABLE_MODULES = YES;
				CLANG_ENABLE_OBJC_ARC = YES;
				CLANG_WARN_BOOL_CONVERSION = YES;
				CLANG_WARN_CONSTANT_CONVERSION = YES;
				CLANG_WARN_DIRECT_OBJC_ISA_USAGE = YES_ERROR;
				CLANG_WARN_DOCUMENTATION_COMMENTS = YES;
				CLANG_WARN_EMPTY_BODY = YES;
				CLANG_WARN_ENUM_CONVERSION = YES;
				CLANG_WARN_INFINITE_RECURSION = YES;
				CLANG_WARN_INT_CONVERSION = YES;
				CLANG_WARN_OBJC_ROOT_CLASS = YES_ERROR;
				CLANG_WARN_SUSPICIOUS_MOVE = YES;
				CLANG_WARN_UNREACHABLE_CODE = YES;
				CLANG_WARN__DUPLICATE_METHOD_MATCH = YES;
				"CODE_SIGN_IDENTITY[sdk=iphoneos*]" = "iPhone Developer";
				COPY_PHASE_STRIP = NO;
				DEBUG_INFORMATION_FORMAT = "dwarf-with-dsym";
				ENABLE_NS_ASSERTIONS = NO;
				ENABLE_STRICT_OBJC_MSGSEND = YES;
				GCC_C_LANGUAGE_STANDARD = gnu99;
				GCC_NO_COMMON_BLOCKS = YES;
				GCC_WARN_64_TO_32_BIT_CONVERSION = YES;
				GCC_WARN_ABOUT_RETURN_TYPE = YES_ERROR;
				GCC_WARN_UNDECLARED_SELECTOR = YES;
				GCC_WARN_UNINITIALIZED_AUTOS = YES_AGGRESSIVE;
				GCC_WARN_UNUSED_FUNCTION = YES;
				GCC_WARN_UNUSED_VARIABLE = YES;
				IPHONEOS_DEPLOYMENT_TARGET = 10.3;
				MTL_ENABLE_DEBUG_INFO = NO;
				SDKROOT = iphoneos;
				TARGETED_DEVICE_FAMILY = "1,2";
				VALIDATE_PRODUCT = YES;
			};
			name = Release;
		};
		6F3A6F5A1F5F17A000A805FB /* Debug */ = {
			isa = XCBuildConfiguration;
			baseConfigurationReference = A1E69A7BD7865441EDC1ADE7 /* Pods-wawa.debug.xcconfig */;
			buildSettings = {
				ASSETCATALOG_COMPILER_APPICON_NAME = AppIcon;
				DEVELOPMENT_TEAM = 9LZL6996FC;
				INFOPLIST_FILE = wawa/Info.plist;
				LD_RUNPATH_SEARCH_PATHS = "$(inherited) @executable_path/Frameworks";
				PRODUCT_BUNDLE_IDENTIFIER = com.legendream.wawa;
				PRODUCT_NAME = "$(TARGET_NAME)";
			};
			name = Debug;
		};
		6F3A6F5B1F5F17A000A805FB /* Release */ = {
			isa = XCBuildConfiguration;
			baseConfigurationReference = 54B0F750E7C41712D468CFD8 /* Pods-wawa.release.xcconfig */;
			buildSettings = {
				ASSETCATALOG_COMPILER_APPICON_NAME = AppIcon;
				DEVELOPMENT_TEAM = 9LZL6996FC;
				INFOPLIST_FILE = wawa/Info.plist;
				LD_RUNPATH_SEARCH_PATHS = "$(inherited) @executable_path/Frameworks";
				PRODUCT_BUNDLE_IDENTIFIER = com.legendream.wawa;
				PRODUCT_NAME = "$(TARGET_NAME)";
			};
			name = Release;
		};
		6F3A6F5D1F5F17A000A805FB /* Debug */ = {
			isa = XCBuildConfiguration;
			buildSettings = {
				BUNDLE_LOADER = "$(TEST_HOST)";
				INFOPLIST_FILE = wawaTests/Info.plist;
				LD_RUNPATH_SEARCH_PATHS = "$(inherited) @executable_path/Frameworks @loader_path/Frameworks";
				PRODUCT_BUNDLE_IDENTIFIER = com.legendream.wawaTests;
				PRODUCT_NAME = "$(TARGET_NAME)";
				TEST_HOST = "$(BUILT_PRODUCTS_DIR)/wawa.app/wawa";
			};
			name = Debug;
		};
		6F3A6F5E1F5F17A000A805FB /* Release */ = {
			isa = XCBuildConfiguration;
			buildSettings = {
				BUNDLE_LOADER = "$(TEST_HOST)";
				INFOPLIST_FILE = wawaTests/Info.plist;
				LD_RUNPATH_SEARCH_PATHS = "$(inherited) @executable_path/Frameworks @loader_path/Frameworks";
				PRODUCT_BUNDLE_IDENTIFIER = com.legendream.wawaTests;
				PRODUCT_NAME = "$(TARGET_NAME)";
				TEST_HOST = "$(BUILT_PRODUCTS_DIR)/wawa.app/wawa";
			};
			name = Release;
		};
/* End XCBuildConfiguration section */

/* Begin XCConfigurationList section */
		6F3A6F321F5F17A000A805FB /* Build configuration list for PBXProject "wawa" */ = {
			isa = XCConfigurationList;
			buildConfigurations = (
				6F3A6F571F5F17A000A805FB /* Debug */,
				6F3A6F581F5F17A000A805FB /* Release */,
			);
			defaultConfigurationIsVisible = 0;
			defaultConfigurationName = Release;
		};
		6F3A6F591F5F17A000A805FB /* Build configuration list for PBXNativeTarget "wawa" */ = {
			isa = XCConfigurationList;
			buildConfigurations = (
				6F3A6F5A1F5F17A000A805FB /* Debug */,
				6F3A6F5B1F5F17A000A805FB /* Release */,
			);
			defaultConfigurationIsVisible = 0;
			defaultConfigurationName = Release;
		};
		6F3A6F5C1F5F17A000A805FB /* Build configuration list for PBXNativeTarget "wawaTests" */ = {
			isa = XCConfigurationList;
			buildConfigurations = (
				6F3A6F5D1F5F17A000A805FB /* Debug */,
				6F3A6F5E1F5F17A000A805FB /* Release */,
			);
			defaultConfigurationIsVisible = 0;
			defaultConfigurationName = Release;
		};
/* End XCConfigurationList section */
	};
	rootObject = 6F3A6F2F1F5F17A000A805FB /* Project object */;
}
